// !$*UTF8*$!
{
	archiveVersion = 1;
	classes = {
	};
	objectVersion = 46;
	objects = {

/* Begin PBXBuildFile section */
		8DC2EF530486A6940098B216 /* InfoPlist.strings in Resources */ = {isa = PBXBuildFile; fileRef = 089C1666FE841158C02AAC07 /* InfoPlist.strings */; };
		BFFA8C531E6351C6006BD3AA /* CoreFoundation.framework in Frameworks */ = {isa = PBXBuildFile; fileRef = BFFA8C4E1E6351C6006BD3AA /* CoreFoundation.framework */; };
		BFFA8C541E6351C6006BD3AA /* CoreGraphics.framework in Frameworks */ = {isa = PBXBuildFile; fileRef = BFFA8C4F1E6351C6006BD3AA /* CoreGraphics.framework */; };
		BFFA8C551E6351C6006BD3AA /* CoreServices.framework in Frameworks */ = {isa = PBXBuildFile; fileRef = BFFA8C501E6351C6006BD3AA /* CoreServices.framework */; };
		BFFA8C561E6351C6006BD3AA /* Foundation.framework in Frameworks */ = {isa = PBXBuildFile; fileRef = BFFA8C511E6351C6006BD3AA /* Foundation.framework */; };
		BFFA8C571E6351C6006BD3AA /* OpenGL.framework in Frameworks */ = {isa = PBXBuildFile; fileRef = BFFA8C521E6351C6006BD3AA /* OpenGL.framework */; };
		BFFA8C591E6351E2006BD3AA /* CoreVideo.m in Sources */ = {isa = PBXBuildFile; fileRef = BFFA8C581E6351E2006BD3AA /* CoreVideo.m */; };
		CF18752D19CCFF670058C869 /* (null) in Resources */ = {isa = PBXBuildFile; };
		CF18752E19CCFF670058C869 /* (null) in Resources */ = {isa = PBXBuildFile; };
		CF18752F19CCFF670058C869 /* (null) in Resources */ = {isa = PBXBuildFile; };
		CF18753019CCFF670058C869 /* (null) in Resources */ = {isa = PBXBuildFile; };
		CF18753119CCFF670058C869 /* (null) in Resources */ = {isa = PBXBuildFile; };
		CF18753219CCFF670058C869 /* (null) in Resources */ = {isa = PBXBuildFile; };
		CF18753319CCFF670058C869 /* (null) in Resources */ = {isa = PBXBuildFile; };
		CF18753419CCFF670058C869 /* (null) in Resources */ = {isa = PBXBuildFile; };
		CF18753519CCFF670058C869 /* (null) in Resources */ = {isa = PBXBuildFile; };
		CF18753619CCFF670058C869 /* (null) in Resources */ = {isa = PBXBuildFile; };
		CF18753719CCFF670058C869 /* (null) in Resources */ = {isa = PBXBuildFile; };
		CF18753819CCFF670058C869 /* (null) in Resources */ = {isa = PBXBuildFile; };
		CF18753919CCFF670058C869 /* (null) in Resources */ = {isa = PBXBuildFile; };
		CF18753A19CCFF670058C869 /* (null) in Resources */ = {isa = PBXBuildFile; };
		CF18753B19CCFF670058C869 /* (null) in Resources */ = {isa = PBXBuildFile; };
		CF18753C19CCFF670058C869 /* (null) in Resources */ = {isa = PBXBuildFile; };
		CF18753D19CCFF670058C869 /* (null) in Resources */ = {isa = PBXBuildFile; };
		CF18753E19CCFF670058C869 /* (null) in Resources */ = {isa = PBXBuildFile; };
		CF18753F19CCFF670058C869 /* (null) in Resources */ = {isa = PBXBuildFile; };
		CF18754019CCFF670058C869 /* (null) in Resources */ = {isa = PBXBuildFile; };
		CF18754119CCFF670058C869 /* (null) in Resources */ = {isa = PBXBuildFile; };
		CF18754219CCFF670058C869 /* (null) in Resources */ = {isa = PBXBuildFile; };
		CF18754319CCFF670058C869 /* (null) in Resources */ = {isa = PBXBuildFile; };
		CF18754419CCFF670058C869 /* (null) in Resources */ = {isa = PBXBuildFile; };
		CF18754619CCFF670058C869 /* (null) in Resources */ = {isa = PBXBuildFile; };
		CF18754719CCFF670058C869 /* (null) in Resources */ = {isa = PBXBuildFile; };
		CF18754819CCFF670058C869 /* (null) in Resources */ = {isa = PBXBuildFile; };
		FE43015C11E2531F00EBDD56 /* CVDisplayLink.h in Headers */ = {isa = PBXBuildFile; fileRef = FE43015A11E2531F00EBDD56 /* CVDisplayLink.h */; settings = {ATTRIBUTES = (Public, ); }; };
		FE43017C11E253E900EBDD56 /* CoreVideo.h in Headers */ = {isa = PBXBuildFile; fileRef = FE43017B11E253E900EBDD56 /* CoreVideo.h */; settings = {ATTRIBUTES = (Public, ); }; };
		FE43045911E2769E00EBDD56 /* CVBase.h in Headers */ = {isa = PBXBuildFile; fileRef = FE43045811E2769E00EBDD56 /* CVBase.h */; settings = {ATTRIBUTES = (Public, ); }; };
		FE43045B11E2779700EBDD56 /* CVReturn.h in Headers */ = {isa = PBXBuildFile; fileRef = FE43045A11E2779700EBDD56 /* CVReturn.h */; settings = {ATTRIBUTES = (Public, ); }; };
/* End PBXBuildFile section */

/* Begin PBXFileReference section */
		0867D69BFE84028FC02AAC07 /* Foundation.framework */ = {isa = PBXFileReference; lastKnownFileType = wrapper.framework; name = Foundation.framework; path = /System/Library/Frameworks/Foundation.framework; sourceTree = "<absolute>"; };
		089C1667FE841158C02AAC07 /* English */ = {isa = PBXFileReference; fileEncoding = 4; lastKnownFileType = text.plist.strings; name = English; path = English.lproj/InfoPlist.strings; sourceTree = "<group>"; };
		8DC2EF5A0486A6940098B216 /* Info.plist */ = {isa = PBXFileReference; fileEncoding = 4; lastKnownFileType = text.plist.xml; path = Info.plist; sourceTree = "<group>"; };
		8DC2EF5B0486A6940098B216 /* CoreVideo.framework */ = {isa = PBXFileReference; explicitFileType = wrapper.framework; includeInIndex = 0; path = CoreVideo.framework; sourceTree = BUILT_PRODUCTS_DIR; };
		BFBD22981E69D15D0072E745 /* CoreVideo.xcconfig */ = {isa = PBXFileReference; lastKnownFileType = text.xcconfig; path = CoreVideo.xcconfig; sourceTree = "<group>"; };
		BFFA8C4E1E6351C6006BD3AA /* CoreFoundation.framework */ = {isa = PBXFileReference; lastKnownFileType = wrapper.framework; name = CoreFoundation.framework; path = "../DerivedData/guestOS/Build/Products/Debug-linux.x86_64/CoreFoundation.framework"; sourceTree = "<group>"; };
		BFFA8C4F1E6351C6006BD3AA /* CoreGraphics.framework */ = {isa = PBXFileReference; lastKnownFileType = wrapper.framework; name = CoreGraphics.framework; path = "../DerivedData/guestOS/Build/Products/Debug-linux.x86_64/CoreGraphics.framework"; sourceTree = "<group>"; };
		BFFA8C501E6351C6006BD3AA /* CoreServices.framework */ = {isa = PBXFileReference; lastKnownFileType = wrapper.framework; name = CoreServices.framework; path = "../DerivedData/guestOS/Build/Products/Debug-linux.x86_64/CoreServices.framework"; sourceTree = "<group>"; };
		BFFA8C511E6351C6006BD3AA /* Foundation.framework */ = {isa = PBXFileReference; lastKnownFileType = wrapper.framework; name = Foundation.framework; path = "../DerivedData/guestOS/Build/Products/Debug-linux.x86_64/Foundation.framework"; sourceTree = "<group>"; };
		BFFA8C521E6351C6006BD3AA /* OpenGL.framework */ = {isa = PBXFileReference; lastKnownFileType = wrapper.framework; name = OpenGL.framework; path = "../DerivedData/guestOS/Build/Products/Debug-linux.x86_64/OpenGL.framework"; sourceTree = "<group>"; };
		BFFA8C581E6351E2006BD3AA /* CoreVideo.m */ = {isa = PBXFileReference; fileEncoding = 4; lastKnownFileType = sourcecode.c.objc; path = CoreVideo.m; sourceTree = "<group>"; };
		FE43015A11E2531F00EBDD56 /* CVDisplayLink.h */ = {isa = PBXFileReference; fileEncoding = 4; lastKnownFileType = sourcecode.c.h; path = CVDisplayLink.h; sourceTree = "<group>"; };
		FE43015B11E2531F00EBDD56 /* CVDisplayLink.m */ = {isa = PBXFileReference; fileEncoding = 4; lastKnownFileType = sourcecode.c.objc; path = CVDisplayLink.m; sourceTree = "<group>"; };
		FE43017B11E253E900EBDD56 /* CoreVideo.h */ = {isa = PBXFileReference; fileEncoding = 4; lastKnownFileType = sourcecode.c.h; path = CoreVideo.h; sourceTree = "<group>"; };
		FE43045811E2769E00EBDD56 /* CVBase.h */ = {isa = PBXFileReference; fileEncoding = 4; lastKnownFileType = sourcecode.c.h; path = CVBase.h; sourceTree = "<group>"; };
		FE43045A11E2779700EBDD56 /* CVReturn.h */ = {isa = PBXFileReference; fileEncoding = 4; lastKnownFileType = sourcecode.c.h; path = CVReturn.h; sourceTree = "<group>"; };
/* End PBXFileReference section */

/* Begin PBXFrameworksBuildPhase section */
		BFFA8C4C1E6351B1006BD3AA /* Frameworks */ = {
			isa = PBXFrameworksBuildPhase;
			buildActionMask = 2147483647;
			files = (
				BFFA8C531E6351C6006BD3AA /* CoreFoundation.framework in Frameworks */,
				BFFA8C541E6351C6006BD3AA /* CoreGraphics.framework in Frameworks */,
				BFFA8C551E6351C6006BD3AA /* CoreServices.framework in Frameworks */,
				BFFA8C561E6351C6006BD3AA /* Foundation.framework in Frameworks */,
				BFFA8C571E6351C6006BD3AA /* OpenGL.framework in Frameworks */,
			);
			runOnlyForDeploymentPostprocessing = 0;
		};
/* End PBXFrameworksBuildPhase section */

/* Begin PBXGroup section */
		034768DFFF38A50411DB9C8B /* Products */ = {
			isa = PBXGroup;
			children = (
				8DC2EF5B0486A6940098B216 /* CoreVideo.framework */,
			);
			name = Products;
			sourceTree = "<group>";
		};
		0867D691FE84028FC02AAC07 /* CoreVideo */ = {
			isa = PBXGroup;
			children = (
				BFBD22981E69D15D0072E745 /* CoreVideo.xcconfig */,
				BFFA8C581E6351E2006BD3AA /* CoreVideo.m */,
				FE43045A11E2779700EBDD56 /* CVReturn.h */,
				FE43045811E2769E00EBDD56 /* CVBase.h */,
				FE43017B11E253E900EBDD56 /* CoreVideo.h */,
				32C88DFF0371C24200C91783 /* Other Sources */,
				089C1665FE841158C02AAC07 /* Resources */,
				0867D69AFE84028FC02AAC07 /* External Frameworks and Libraries */,
				034768DFFF38A50411DB9C8B /* Products */,
				FE43015A11E2531F00EBDD56 /* CVDisplayLink.h */,
				FE43015B11E2531F00EBDD56 /* CVDisplayLink.m */,
				BFFA8C4D1E6351C6006BD3AA /* Frameworks */,
			);
			indentWidth = 4;
			name = CoreVideo;
			sourceTree = "<group>";
			tabWidth = 4;
			usesTabs = 0;
		};
		0867D69AFE84028FC02AAC07 /* External Frameworks and Libraries */ = {
			isa = PBXGroup;
			children = (
				1058C7B0FEA5585E11CA2CBB /* Linked Frameworks */,
				1058C7B2FEA5585E11CA2CBB /* Other Frameworks */,
			);
			name = "External Frameworks and Libraries";
			sourceTree = "<group>";
		};
		089C1665FE841158C02AAC07 /* Resources */ = {
			isa = PBXGroup;
			children = (
				8DC2EF5A0486A6940098B216 /* Info.plist */,
				089C1666FE841158C02AAC07 /* InfoPlist.strings */,
			);
			name = Resources;
			sourceTree = "<group>";
		};
		1058C7B0FEA5585E11CA2CBB /* Linked Frameworks */ = {
			isa = PBXGroup;
			children = (
			);
			name = "Linked Frameworks";
			sourceTree = "<group>";
		};
		1058C7B2FEA5585E11CA2CBB /* Other Frameworks */ = {
			isa = PBXGroup;
			children = (
				0867D69BFE84028FC02AAC07 /* Foundation.framework */,
			);
			name = "Other Frameworks";
			sourceTree = "<group>";
		};
		32C88DFF0371C24200C91783 /* Other Sources */ = {
			isa = PBXGroup;
			children = (
			);
			name = "Other Sources";
			sourceTree = "<group>";
		};
		BFFA8C4D1E6351C6006BD3AA /* Frameworks */ = {
			isa = PBXGroup;
			children = (
				BFFA8C4E1E6351C6006BD3AA /* CoreFoundation.framework */,
				BFFA8C4F1E6351C6006BD3AA /* CoreGraphics.framework */,
				BFFA8C501E6351C6006BD3AA /* CoreServices.framework */,
				BFFA8C511E6351C6006BD3AA /* Foundation.framework */,
				BFFA8C521E6351C6006BD3AA /* OpenGL.framework */,
			);
			name = Frameworks;
			sourceTree = "<group>";
		};
/* End PBXGroup section */

/* Begin PBXHeadersBuildPhase section */
		8DC2EF500486A6940098B216 /* Headers */ = {
			isa = PBXHeadersBuildPhase;
			buildActionMask = 2147483647;
			files = (
				FE43015C11E2531F00EBDD56 /* CVDisplayLink.h in Headers */,
				FE43017C11E253E900EBDD56 /* CoreVideo.h in Headers */,
				FE43045911E2769E00EBDD56 /* CVBase.h in Headers */,
				FE43045B11E2779700EBDD56 /* CVReturn.h in Headers */,
			);
			runOnlyForDeploymentPostprocessing = 0;
		};
/* End PBXHeadersBuildPhase section */

/* Begin PBXNativeTarget section */
		8DC2EF4F0486A6940098B216 /* CoreVideo */ = {
			isa = PBXNativeTarget;
			buildConfigurationList = 1DEB91AD08733DA50010E9CD /* Build configuration list for PBXNativeTarget "CoreVideo" */;
			buildPhases = (
				8DC2EF500486A6940098B216 /* Headers */,
				8DC2EF520486A6940098B216 /* Resources */,
				BFFA8C4B1E63517A006BD3AA /* Sources */,
				BFFA8C4C1E6351B1006BD3AA /* Frameworks */,
			);
			buildRules = (
			);
			dependencies = (
			);
			name = CoreVideo;
			productInstallPath = "$(HOME)/Library/Frameworks";
			productName = CoreVideo;
			productReference = 8DC2EF5B0486A6940098B216 /* CoreVideo.framework */;
			productType = "com.apple.product-type.framework";
		};
/* End PBXNativeTarget section */

/* Begin PBXProject section */
		0867D690FE84028FC02AAC07 /* Project object */ = {
			isa = PBXProject;
			attributes = {
				LastUpgradeCheck = 0460;
			};
			buildConfigurationList = 1DEB91B108733DA50010E9CD /* Build configuration list for PBXProject "CoreVideo" */;
			compatibilityVersion = "Xcode 3.2";
			developmentRegion = English;
			hasScannedForEncodings = 1;
			knownRegions = (
				English,
				Japanese,
				French,
				German,
			);
			mainGroup = 0867D691FE84028FC02AAC07 /* CoreVideo */;
			productRefGroup = 034768DFFF38A50411DB9C8B /* Products */;
			projectDirPath = "";
			projectRoot = "";
			targets = (
				8DC2EF4F0486A6940098B216 /* CoreVideo */,
			);
		};
/* End PBXProject section */

/* Begin PBXResourcesBuildPhase section */
		8DC2EF520486A6940098B216 /* Resources */ = {
			isa = PBXResourcesBuildPhase;
			buildActionMask = 2147483647;
			files = (
				CF18754019CCFF670058C869 /* (null) in Resources */,
				CF18753819CCFF670058C869 /* (null) in Resources */,
				CF18754819CCFF670058C869 /* (null) in Resources */,
				CF18753019CCFF670058C869 /* (null) in Resources */,
				CF18753219CCFF670058C869 /* (null) in Resources */,
				CF18754319CCFF670058C869 /* (null) in Resources */,
				CF18753419CCFF670058C869 /* (null) in Resources */,
				CF18753719CCFF670058C869 /* (null) in Resources */,
				CF18753D19CCFF670058C869 /* (null) in Resources */,
				CF18752F19CCFF670058C869 /* (null) in Resources */,
				CF18753B19CCFF670058C869 /* (null) in Resources */,
				CF18753919CCFF670058C869 /* (null) in Resources */,
				CF18753F19CCFF670058C869 /* (null) in Resources */,
				CF18753C19CCFF670058C869 /* (null) in Resources */,
				CF18753319CCFF670058C869 /* (null) in Resources */,
				CF18753619CCFF670058C869 /* (null) in Resources */,
				CF18753E19CCFF670058C869 /* (null) in Resources */,
				CF18754219CCFF670058C869 /* (null) in Resources */,
				CF18754719CCFF670058C869 /* (null) in Resources */,
				CF18752E19CCFF670058C869 /* (null) in Resources */,
				CF18753A19CCFF670058C869 /* (null) in Resources */,
				CF18752D19CCFF670058C869 /* (null) in Resources */,
				CF18754119CCFF670058C869 /* (null) in Resources */,
				CF18754419CCFF670058C869 /* (null) in Resources */,
				CF18753119CCFF670058C869 /* (null) in Resources */,
				CF18753519CCFF670058C869 /* (null) in Resources */,
				8DC2EF530486A6940098B216 /* InfoPlist.strings in Resources */,
				CF18754619CCFF670058C869 /* (null) in Resources */,
			);
			runOnlyForDeploymentPostprocessing = 0;
		};
/* End PBXResourcesBuildPhase section */

/* Begin PBXSourcesBuildPhase section */
		BFFA8C4B1E63517A006BD3AA /* Sources */ = {
			isa = PBXSourcesBuildPhase;
			buildActionMask = 2147483647;
			files = (
				BFFA8C591E6351E2006BD3AA /* CoreVideo.m in Sources */,
			);
			runOnlyForDeploymentPostprocessing = 0;
		};
/* End PBXSourcesBuildPhase section */

/* Begin PBXVariantGroup section */
		089C1666FE841158C02AAC07 /* InfoPlist.strings */ = {
			isa = PBXVariantGroup;
			children = (
				089C1667FE841158C02AAC07 /* English */,
			);
			name = InfoPlist.strings;
			sourceTree = "<group>";
		};
/* End PBXVariantGroup section */

/* Begin XCBuildConfiguration section */
		BFFA8C471E63514A006BD3AA /* Debug */ = {
			isa = XCBuildConfiguration;
			baseConfigurationReference = BFBD22981E69D15D0072E745 /* CoreVideo.xcconfig */;
			buildSettings = {
				SUPPORTED_PLATFORMS = "guestos.linux.x86_64 macosx";
			};
			name = Debug;
		};
		BFFA8C481E63514A006BD3AA /* Debug */ = {
			isa = XCBuildConfiguration;
			buildSettings = {
				INFOPLIST_FILE = Info.plist;
				PRODUCT_NAME = CoreVideo;
			};
			name = Debug;
		};
		BFFA8C491E63514E006BD3AA /* Release */ = {
			isa = XCBuildConfiguration;
			baseConfigurationReference = BFBD22981E69D15D0072E745 /* CoreVideo.xcconfig */;
			buildSettings = {
				SUPPORTED_PLATFORMS = "guestos.linux.x86_64 macosx";
			};
			name = Release;
		};
		BFFA8C4A1E63514E006BD3AA /* Release */ = {
			isa = XCBuildConfiguration;
			buildSettings = {
				INFOPLIST_FILE = Info.plist;
				PRODUCT_NAME = CoreVideo;
			};
			name = Release;
		};
/* End XCBuildConfiguration section */

/* Begin XCConfigurationList section */
		1DEB91AD08733DA50010E9CD /* Build configuration list for PBXNativeTarget "CoreVideo" */ = {
			isa = XCConfigurationList;
			buildConfigurations = (
				BFFA8C481E63514A006BD3AA /* Debug */,
				BFFA8C4A1E63514E006BD3AA /* Release */,
			);
			defaultConfigurationIsVisible = 0;
			defaultConfigurationName = Release;
		};
		1DEB91B108733DA50010E9CD /* Build configuration list for PBXProject "CoreVideo" */ = {
			isa = XCConfigurationList;
			buildConfigurations = (
				BFFA8C471E63514A006BD3AA /* Debug */,
				BFFA8C491E63514E006BD3AA /* Release */,
			);
			defaultConfigurationIsVisible = 0;
			defaultConfigurationName = Release;
		};
/* End XCConfigurationList section */
	};
	rootObject = 0867D690FE84028FC02AAC07 /* Project object */;
}
