// !$*UTF8*$!
{
	archiveVersion = 1;
	classes = {
	};
	objectVersion = 46;
	objects = {

/* Begin PBXBuildFile section */
		BFC4DE791E6349E80035F3F9 /* CoreGraphics.framework in Frameworks */ = {isa = PBXBuildFile; fileRef = BFC4DE761E6349E80035F3F9 /* CoreGraphics.framework */; };
		BFC4DE7A1E6349E80035F3F9 /* CoreServices.framework in Frameworks */ = {isa = PBXBuildFile; fileRef = BFC4DE771E6349E80035F3F9 /* CoreServices.framework */; };
		BFC4DE7B1E6349E80035F3F9 /* CoreText.framework in Frameworks */ = {isa = PBXBuildFile; fileRef = BFC4DE781E6349E80035F3F9 /* CoreText.framework */; };
		BFC4DE7D1E634A0B0035F3F9 /* ApplicationServices.m in Sources */ = {isa = PBXBuildFile; fileRef = BFC4DE7C1E634A0B0035F3F9 /* ApplicationServices.m */; };
		FE01AAE60C5D9BF900AEA51A /* ApplicationServices.h in Headers */ = {isa = PBXBuildFile; fileRef = FE32179C0BB41C65004F000A /* ApplicationServices.h */; settings = {ATTRIBUTES = (Public, ); }; };
/* End PBXBuildFile section */

/* Begin PBXFileReference section */
		0867D69BFE84028FC02AAC07 /* Foundation.framework */ = {isa = PBXFileReference; lastKnownFileType = wrapper.framework; name = Foundation.framework; path = /System/Library/Frameworks/Foundation.framework; sourceTree = "<absolute>"; };
		0867D6A5FE840307C02AAC07 /* AppKit.framework */ = {isa = PBXFileReference; lastKnownFileType = wrapper.framework; name = AppKit.framework; path = /System/Library/Frameworks/AppKit.framework; sourceTree = "<absolute>"; };
		8DC2EF5A0486A6940098B216 /* Info.plist */ = {isa = PBXFileReference; fileEncoding = 4; lastKnownFileType = text.plist; path = Info.plist; sourceTree = "<group>"; };
		BFC4DE761E6349E80035F3F9 /* CoreGraphics.framework */ = {isa = PBXFileReference; lastKnownFileType = wrapper.framework; name = CoreGraphics.framework; path = "../DerivedData/guestOS/Build/Products/Release-linux.x86_64/CoreGraphics.framework"; sourceTree = "<group>"; };
		BFC4DE771E6349E80035F3F9 /* CoreServices.framework */ = {isa = PBXFileReference; lastKnownFileType = wrapper.framework; name = CoreServices.framework; path = "../DerivedData/guestOS/Build/Products/Release-linux.x86_64/CoreServices.framework"; sourceTree = "<group>"; };
		BFC4DE781E6349E80035F3F9 /* CoreText.framework */ = {isa = PBXFileReference; lastKnownFileType = wrapper.framework; name = CoreText.framework; path = "../DerivedData/guestOS/Build/Products/Release-linux.x86_64/CoreText.framework"; sourceTree = "<group>"; };
		BFC4DE7C1E634A0B0035F3F9 /* ApplicationServices.m */ = {isa = PBXFileReference; fileEncoding = 4; lastKnownFileType = sourcecode.c.objc; path = ApplicationServices.m; sourceTree = "<group>"; };
		BFC4DE821E634AA40035F3F9 /* ApplicationServices.xcconfig */ = {isa = PBXFileReference; lastKnownFileType = text.xcconfig; path = ApplicationServices.xcconfig; sourceTree = "<group>"; };
		FE01AAED0C5D9BF900AEA51A /* ApplicationServices.framework */ = {isa = PBXFileReference; explicitFileType = wrapper.framework; includeInIndex = 0; path = ApplicationServices.framework; sourceTree = BUILT_PRODUCTS_DIR; };
		FE32179C0BB41C65004F000A /* ApplicationServices.h */ = {isa = PBXFileReference; fileEncoding = 30; lastKnownFileType = sourcecode.c.h; path = ApplicationServices.h; sourceTree = "<group>"; };
/* End PBXFileReference section */

/* Begin PBXFrameworksBuildPhase section */
		BFC4DE741E6349CC0035F3F9 /* Frameworks */ = {
			isa = PBXFrameworksBuildPhase;
			buildActionMask = 2147483647;
			files = (
				BFC4DE791E6349E80035F3F9 /* CoreGraphics.framework in Frameworks */,
				BFC4DE7A1E6349E80035F3F9 /* CoreServices.framework in Frameworks */,
				BFC4DE7B1E6349E80035F3F9 /* CoreText.framework in Frameworks */,
			);
			runOnlyForDeploymentPostprocessing = 0;
		};
/* End PBXFrameworksBuildPhase section */

/* Begin PBXGroup section */
		034768DFFF38A50411DB9C8B /* Products */ = {
			isa = PBXGroup;
			children = (
				FE01AAED0C5D9BF900AEA51A /* ApplicationServices.framework */,
			);
			name = Products;
			sourceTree = "<group>";
		};
		0867D691FE84028FC02AAC07 /* ApplicationServices */ = {
			isa = PBXGroup;
			children = (
				BFC4DE821E634AA40035F3F9 /* ApplicationServices.xcconfig */,
				BFC4DE7C1E634A0B0035F3F9 /* ApplicationServices.m */,
				FE32179C0BB41C65004F000A /* ApplicationServices.h */,
				0867D69AFE84028FC02AAC07 /* External Frameworks and Libraries */,
				32C88DFF0371C24200C91783 /* Other Sources */,
				034768DFFF38A50411DB9C8B /* Products */,
				089C1665FE841158C02AAC07 /* Resources */,
				BFC4DE751E6349E80035F3F9 /* Frameworks */,
			);
			indentWidth = 4;
			name = ApplicationServices;
			sourceTree = "<group>";
			tabWidth = 4;
			usesTabs = 0;
		};
		0867D69AFE84028FC02AAC07 /* External Frameworks and Libraries */ = {
			isa = PBXGroup;
			children = (
				1058C7B0FEA5585E11CA2CBB /* Linked Frameworks */,
				1058C7B2FEA5585E11CA2CBB /* Other Frameworks */,
			);
			name = "External Frameworks and Libraries";
			sourceTree = "<group>";
		};
		089C1665FE841158C02AAC07 /* Resources */ = {
			isa = PBXGroup;
			children = (
				8DC2EF5A0486A6940098B216 /* Info.plist */,
			);
			name = Resources;
			sourceTree = "<group>";
		};
		1058C7B0FEA5585E11CA2CBB /* Linked Frameworks */ = {
			isa = PBXGroup;
			children = (
			);
			name = "Linked Frameworks";
			sourceTree = "<group>";
		};
		1058C7B2FEA5585E11CA2CBB /* Other Frameworks */ = {
			isa = PBXGroup;
			children = (
				0867D6A5FE840307C02AAC07 /* AppKit.framework */,
				0867D69BFE84028FC02AAC07 /* Foundation.framework */,
			);
			name = "Other Frameworks";
			sourceTree = "<group>";
		};
		32C88DFF0371C24200C91783 /* Other Sources */ = {
			isa = PBXGroup;
			children = (
			);
			name = "Other Sources";
			sourceTree = "<group>";
		};
		BFC4DE751E6349E80035F3F9 /* Frameworks */ = {
			isa = PBXGroup;
			children = (
				BFC4DE761E6349E80035F3F9 /* CoreGraphics.framework */,
				BFC4DE771E6349E80035F3F9 /* CoreServices.framework */,
				BFC4DE781E6349E80035F3F9 /* CoreText.framework */,
			);
			name = Frameworks;
			sourceTree = "<group>";
		};
/* End PBXGroup section */

/* Begin PBXHeadersBuildPhase section */
		FE01AAE50C5D9BF900AEA51A /* Headers */ = {
			isa = PBXHeadersBuildPhase;
			buildActionMask = 2147483647;
			files = (
				FE01AAE60C5D9BF900AEA51A /* ApplicationServices.h in Headers */,
			);
			runOnlyForDeploymentPostprocessing = 0;
		};
/* End PBXHeadersBuildPhase section */

/* Begin PBXNativeTarget section */
		FE01AAE20C5D9BF900AEA51A /* ApplicationServices */ = {
			isa = PBXNativeTarget;
			buildConfigurationList = FE01AAEB0C5D9BF900AEA51A /* Build configuration list for PBXNativeTarget "ApplicationServices" */;
			buildPhases = (
				FE01AAE50C5D9BF900AEA51A /* Headers */,
				FE01AAE70C5D9BF900AEA51A /* Resources */,
				BFC4DE731E6349CA0035F3F9 /* Sources */,
				BFC4DE741E6349CC0035F3F9 /* Frameworks */,
			);
			buildRules = (
			);
			dependencies = (
			);
			name = ApplicationServices;
			productInstallPath = "$(HOME)/Library/Frameworks";
			productName = ApplicationServices;
			productReference = FE01AAED0C5D9BF900AEA51A /* ApplicationServices.framework */;
			productType = "com.apple.product-type.framework";
		};
/* End PBXNativeTarget section */

/* Begin PBXProject section */
		0867D690FE84028FC02AAC07 /* Project object */ = {
			isa = PBXProject;
			attributes = {
				LastUpgradeCheck = 0460;
			};
			buildConfigurationList = 1DEB91B108733DA50010E9CD /* Build configuration list for PBXProject "ApplicationServices" */;
			compatibilityVersion = "Xcode 3.2";
			developmentRegion = English;
			hasScannedForEncodings = 1;
			knownRegions = (
				English,
				Japanese,
				French,
				German,
			);
			mainGroup = 0867D691FE84028FC02AAC07 /* ApplicationServices */;
			productRefGroup = 034768DFFF38A50411DB9C8B /* Products */;
			projectDirPath = "";
			projectRoot = "";
			targets = (
				FE01AAE20C5D9BF900AEA51A /* ApplicationServices */,
			);
		};
/* End PBXProject section */

/* Begin PBXResourcesBuildPhase section */
		FE01AAE70C5D9BF900AEA51A /* Resources */ = {
			isa = PBXResourcesBuildPhase;
			buildActionMask = 2147483647;
			files = (
			);
			runOnlyForDeploymentPostprocessing = 0;
		};
/* End PBXResourcesBuildPhase section */

/* Begin PBXSourcesBuildPhase section */
		BFC4DE731E6349CA0035F3F9 /* Sources */ = {
			isa = PBXSourcesBuildPhase;
			buildActionMask = 2147483647;
			files = (
				BFC4DE7D1E634A0B0035F3F9 /* ApplicationServices.m in Sources */,
			);
			runOnlyForDeploymentPostprocessing = 0;
		};
/* End PBXSourcesBuildPhase section */

/* Begin XCBuildConfiguration section */
		BFC4DE7E1E634A210035F3F9 /* Debug */ = {
			isa = XCBuildConfiguration;
			baseConfigurationReference = BFC4DE821E634AA40035F3F9 /* ApplicationServices.xcconfig */;
			buildSettings = {
				SUPPORTED_PLATFORMS = "guestos.linux.x86_64 macosx";
			};
			name = Debug;
		};
		BFC4DE7F1E634A210035F3F9 /* Debug */ = {
			isa = XCBuildConfiguration;
			buildSettings = {
				INFOPLIST_FILE = Info.plist;
				PRODUCT_NAME = ApplicationServices;
			};
			name = Debug;
		};
		BFC4DE801E634A250035F3F9 /* Release */ = {
			isa = XCBuildConfiguration;
			baseConfigurationReference = BFC4DE821E634AA40035F3F9 /* ApplicationServices.xcconfig */;
			buildSettings = {
				SUPPORTED_PLATFORMS = "guestos.linux.x86_64 macosx";
			};
			name = Release;
		};
		BFC4DE811E634A250035F3F9 /* Release */ = {
			isa = XCBuildConfiguration;
			buildSettings = {
				INFOPLIST_FILE = Info.plist;
				PRODUCT_NAME = ApplicationServices;
			};
			name = Release;
		};
/* End XCBuildConfiguration section */

/* Begin XCConfigurationList section */
		1DEB91B108733DA50010E9CD /* Build configuration list for PBXProject "ApplicationServices" */ = {
			isa = XCConfigurationList;
			buildConfigurations = (
				BFC4DE7E1E634A210035F3F9 /* Debug */,
				BFC4DE801E634A250035F3F9 /* Release */,
			);
			defaultConfigurationIsVisible = 0;
			defaultConfigurationName = Release;
		};
		FE01AAEB0C5D9BF900AEA51A /* Build configuration list for PBXNativeTarget "ApplicationServices" */ = {
			isa = XCConfigurationList;
			buildConfigurations = (
				BFC4DE7F1E634A210035F3F9 /* Debug */,
				BFC4DE811E634A250035F3F9 /* Release */,
			);
			defaultConfigurationIsVisible = 0;
			defaultConfigurationName = Release;
		};
/* End XCConfigurationList section */
	};
	rootObject = 0867D690FE84028FC02AAC07 /* Project object */;
}
