// !$*UTF8*$!
{
	archiveVersion = 1;
	classes = {
	};
	objectVersion = 46;
	objects = {

/* Begin PBXBuildFile section */
		BFB8E29C1E6436C000CFCE85 /* CoreData.framework in Frameworks */ = {isa = PBXBuildFile; fileRef = BFB8E29B1E6436C000CFCE85 /* CoreData.framework */; };
		BFFF97E11DEF1E3900067F30 /* Cocoa.h in Headers */ = {isa = PBXBuildFile; fileRef = FEF3B23A0B35C74700A76FD1 /* Cocoa.h */; settings = {ATTRIBUTES = (Public, ); }; };
		BFFF97E41DEF1E3900067F30 /* Cocoa.m in Sources */ = {isa = PBXBuildFile; fileRef = FEF3B2780B35CB9D00A76FD1 /* Cocoa.m */; };
		BFFF97E61DEF1E3900067F30 /* Foundation.framework in Frameworks */ = {isa = PBXBuildFile; fileRef = 0867D69BFE84028FC02AAC07 /* Foundation.framework */; };
		BFFF97E71DEF1E3900067F30 /* AppKit.framework in Frameworks */ = {isa = PBXBuildFile; fileRef = 0867D6A5FE840307C02AAC07 /* AppKit.framework */; };
/* End PBXBuildFile section */

/* Begin PBXFileReference section */
		0867D69BFE84028FC02AAC07 /* Foundation.framework */ = {isa = PBXFileReference; lastKnownFileType = wrapper.framework; name = Foundation.framework; path = /System/Library/Frameworks/Foundation.framework; sourceTree = "<absolute>"; };
		0867D6A5FE840307C02AAC07 /* AppKit.framework */ = {isa = PBXFileReference; lastKnownFileType = wrapper.framework; name = AppKit.framework; path = /System/Library/Frameworks/AppKit.framework; sourceTree = "<absolute>"; };
		8DC2EF5A0486A6940098B216 /* Info.plist */ = {isa = PBXFileReference; fileEncoding = 4; lastKnownFileType = text.plist; path = Info.plist; sourceTree = "<group>"; };
		BFB8E29B1E6436C000CFCE85 /* CoreData.framework */ = {isa = PBXFileReference; lastKnownFileType = wrapper.framework; name = CoreData.framework; path = ../CoreData/build/Debug/CoreData.framework; sourceTree = "<group>"; };
		BFBD22931E69D0860072E745 /* Cocoa.xcconfig */ = {isa = PBXFileReference; lastKnownFileType = text.xcconfig; path = Cocoa.xcconfig; sourceTree = "<group>"; };
		BFFF97EC1DEF1E3900067F30 /* Cocoa.framework */ = {isa = PBXFileReference; explicitFileType = wrapper.framework; includeInIndex = 0; path = Cocoa.framework; sourceTree = BUILT_PRODUCTS_DIR; };
		FEF3B23A0B35C74700A76FD1 /* Cocoa.h */ = {isa = PBXFileReference; fileEncoding = 4; lastKnownFileType = sourcecode.c.h; path = Cocoa.h; sourceTree = "<group>"; };
		FEF3B2780B35CB9D00A76FD1 /* Cocoa.m */ = {isa = PBXFileReference; fileEncoding = 4; lastKnownFileType = sourcecode.c.objc; path = Cocoa.m; sourceTree = "<group>"; };
/* End PBXFileReference section */

/* Begin PBXFrameworksBuildPhase section */
		BFFF97E51DEF1E3900067F30 /* Frameworks */ = {
			isa = PBXFrameworksBuildPhase;
			buildActionMask = 2147483647;
			files = (
				BFB8E29C1E6436C000CFCE85 /* CoreData.framework in Frameworks */,
				BFFF97E61DEF1E3900067F30 /* Foundation.framework in Frameworks */,
				BFFF97E71DEF1E3900067F30 /* AppKit.framework in Frameworks */,
			);
			runOnlyForDeploymentPostprocessing = 0;
		};
/* End PBXFrameworksBuildPhase section */

/* Begin PBXGroup section */
		034768DFFF38A50411DB9C8B /* Products */ = {
			isa = PBXGroup;
			children = (
				BFFF97EC1DEF1E3900067F30 /* Cocoa.framework */,
			);
			name = Products;
			sourceTree = "<group>";
		};
		0867D691FE84028FC02AAC07 /* Cocoa */ = {
			isa = PBXGroup;
			children = (
				BFBD22931E69D0860072E745 /* Cocoa.xcconfig */,
				FEF3B23A0B35C74700A76FD1 /* Cocoa.h */,
				FEF3B2780B35CB9D00A76FD1 /* Cocoa.m */,
				08FB77AEFE84172EC02AAC07 /* Classes */,
				32C88DFF0371C24200C91783 /* Other Sources */,
				089C1665FE841158C02AAC07 /* Resources */,
				0867D69AFE84028FC02AAC07 /* External Frameworks and Libraries */,
				034768DFFF38A50411DB9C8B /* Products */,
				BFB8E29A1E6436C000CFCE85 /* Frameworks */,
			);
			indentWidth = 4;
			name = Cocoa;
			sourceTree = "<group>";
			tabWidth = 4;
			usesTabs = 0;
		};
		0867D69AFE84028FC02AAC07 /* External Frameworks and Libraries */ = {
			isa = PBXGroup;
			children = (
				1058C7B0FEA5585E11CA2CBB /* Linked Frameworks */,
				1058C7B2FEA5585E11CA2CBB /* Other Frameworks */,
			);
			name = "External Frameworks and Libraries";
			sourceTree = "<group>";
		};
		089C1665FE841158C02AAC07 /* Resources */ = {
			isa = PBXGroup;
			children = (
				8DC2EF5A0486A6940098B216 /* Info.plist */,
			);
			name = Resources;
			sourceTree = "<group>";
		};
		08FB77AEFE84172EC02AAC07 /* Classes */ = {
			isa = PBXGroup;
			children = (
			);
			name = Classes;
			sourceTree = "<group>";
		};
		1058C7B0FEA5585E11CA2CBB /* Linked Frameworks */ = {
			isa = PBXGroup;
			children = (
			);
			name = "Linked Frameworks";
			sourceTree = "<group>";
		};
		1058C7B2FEA5585E11CA2CBB /* Other Frameworks */ = {
			isa = PBXGroup;
			children = (
				0867D6A5FE840307C02AAC07 /* AppKit.framework */,
				0867D69BFE84028FC02AAC07 /* Foundation.framework */,
			);
			name = "Other Frameworks";
			sourceTree = "<group>";
		};
		32C88DFF0371C24200C91783 /* Other Sources */ = {
			isa = PBXGroup;
			children = (
			);
			name = "Other Sources";
			sourceTree = "<group>";
		};
		BFB8E29A1E6436C000CFCE85 /* Frameworks */ = {
			isa = PBXGroup;
			children = (
				BFB8E29B1E6436C000CFCE85 /* CoreData.framework */,
			);
			name = Frameworks;
			sourceTree = "<group>";
		};
/* End PBXGroup section */

/* Begin PBXHeadersBuildPhase section */
		BFFF97E01DEF1E3900067F30 /* Headers */ = {
			isa = PBXHeadersBuildPhase;
			buildActionMask = 2147483647;
			files = (
				BFFF97E11DEF1E3900067F30 /* Cocoa.h in Headers */,
			);
			runOnlyForDeploymentPostprocessing = 0;
		};
/* End PBXHeadersBuildPhase section */

/* Begin PBXNativeTarget section */
		BFFF97D91DEF1E3900067F30 /* Cocoa */ = {
			isa = PBXNativeTarget;
			buildConfigurationList = BFFF97E81DEF1E3900067F30 /* Build configuration list for PBXNativeTarget "Cocoa" */;
			buildPhases = (
				BFFF97E01DEF1E3900067F30 /* Headers */,
				BFFF97E21DEF1E3900067F30 /* Resources */,
				BFFF97E31DEF1E3900067F30 /* Sources */,
				BFFF97E51DEF1E3900067F30 /* Frameworks */,
			);
			buildRules = (
			);
			dependencies = (
			);
			name = Cocoa;
			productInstallPath = "$(HOME)/Library/Frameworks";
			productName = Cocoa;
			productReference = BFFF97EC1DEF1E3900067F30 /* Cocoa.framework */;
			productType = "com.apple.product-type.framework";
		};
/* End PBXNativeTarget section */

/* Begin PBXProject section */
		0867D690FE84028FC02AAC07 /* Project object */ = {
			isa = PBXProject;
			attributes = {
				LastUpgradeCheck = 0420;
			};
			buildConfigurationList = 1DEB91B108733DA50010E9CD /* Build configuration list for PBXProject "Cocoa" */;
			compatibilityVersion = "Xcode 3.2";
			developmentRegion = English;
			hasScannedForEncodings = 1;
			knownRegions = (
				English,
				Japanese,
				French,
				German,
			);
			mainGroup = 0867D691FE84028FC02AAC07 /* Cocoa */;
			productRefGroup = 034768DFFF38A50411DB9C8B /* Products */;
			projectDirPath = "";
			projectRoot = "";
			targets = (
				BFFF97D91DEF1E3900067F30 /* Cocoa */,
			);
		};
/* End PBXProject section */

/* Begin PBXResourcesBuildPhase section */
		BFFF97E21DEF1E3900067F30 /* Resources */ = {
			isa = PBXResourcesBuildPhase;
			buildActionMask = 2147483647;
			files = (
			);
			runOnlyForDeploymentPostprocessing = 0;
		};
/* End PBXResourcesBuildPhase section */

/* Begin PBXSourcesBuildPhase section */
		BFFF97E31DEF1E3900067F30 /* Sources */ = {
			isa = PBXSourcesBuildPhase;
			buildActionMask = 2147483647;
			files = (
				BFFF97E41DEF1E3900067F30 /* Cocoa.m in Sources */,
			);
			runOnlyForDeploymentPostprocessing = 0;
		};
/* End PBXSourcesBuildPhase section */

/* Begin XCBuildConfiguration section */
		BFB8E2961E64364900CFCE85 /* Debug */ = {
			isa = XCBuildConfiguration;
			baseConfigurationReference = BFBD22931E69D0860072E745 /* Cocoa.xcconfig */;
			buildSettings = {
				SUPPORTED_PLATFORMS = "guestos.linux.x86_64 macosx";
			};
			name = Debug;
		};
		BFB8E2971E64364900CFCE85 /* Debug */ = {
			isa = XCBuildConfiguration;
			buildSettings = {
				INFOPLIST_FILE = "$(SRCROOT)/Info.plist";
				OTHER_CFLAGS = (
					"-DCOCOA_INSIDE_BUILD",
					"$(OTHER_CFLAGS)",
				);
				OTHER_LDFLAGS = (
					"$(inherited)",
					"-lobjc",
				);
				PRODUCT_NAME = "$(TARGET_NAME)";
			};
			name = Debug;
		};
		BFB8E2981E64364E00CFCE85 /* Release */ = {
			isa = XCBuildConfiguration;
			baseConfigurationReference = BFBD22931E69D0860072E745 /* Cocoa.xcconfig */;
			buildSettings = {
				SUPPORTED_PLATFORMS = "guestos.linux.x86_64 macosx";
			};
			name = Release;
		};
		BFB8E2991E64364E00CFCE85 /* Release */ = {
			isa = XCBuildConfiguration;
			buildSettings = {
				INFOPLIST_FILE = "$(SRCROOT)/Info.plist";
				OTHER_CFLAGS = (
					"-DCOCOA_INSIDE_BUILD",
					"$(OTHER_CFLAGS)",
				);
				OTHER_LDFLAGS = (
					"$(inherited)",
					"-lobjc",
				);
				PRODUCT_NAME = "$(TARGET_NAME)";
			};
			name = Release;
		};
/* End XCBuildConfiguration section */

/* Begin XCConfigurationList section */
		1DEB91B108733DA50010E9CD /* Build configuration list for PBXProject "Cocoa" */ = {
			isa = XCConfigurationList;
			buildConfigurations = (
				BFB8E2961E64364900CFCE85 /* Debug */,
				BFB8E2981E64364E00CFCE85 /* Release */,
			);
			defaultConfigurationIsVisible = 0;
			defaultConfigurationName = Release;
		};
		BFFF97E81DEF1E3900067F30 /* Build configuration list for PBXNativeTarget "Cocoa" */ = {
			isa = XCConfigurationList;
			buildConfigurations = (
				BFB8E2971E64364900CFCE85 /* Debug */,
				BFB8E2991E64364E00CFCE85 /* Release */,
			);
			defaultConfigurationIsVisible = 0;
			defaultConfigurationName = Release;
		};
/* End XCConfigurationList section */
	};
	rootObject = 0867D690FE84028FC02AAC07 /* Project object */;
}
