// !$*UTF8*$!
{
	archiveVersion = 1;
	classes = {
	};
	objectVersion = 46;
	objects = {

/* Begin PBXBuildFile section */
		494DA9A0145C0C320001E307 /* agg_font_win32_tt.mm in Sources */ = {isa = PBXBuildFile; fileRef = 494DA99F145C0C320001E307 /* agg_font_win32_tt.mm */; };
		8D576314048677EA00EA77CD /* Foundation.framework in Frameworks */ = {isa = PBXBuildFile; fileRef = 0AA1909FFE8422F4C02AAC07 /* Foundation.framework */; };
		8D5B49A804867FD3000E48DA /* InfoPlist.strings in Resources */ = {isa = PBXBuildFile; fileRef = 8D5B49A704867FD3000E48DA /* InfoPlist.strings */; };
		FE5C8314121D81470063E96F /* O2Context_AntiGrain.mm in Sources */ = {isa = PBXBuildFile; fileRef = FE5C8313121D81470063E96F /* O2Context_AntiGrain.mm */; };
		FEE163EA137C6DAD00B2F340 /* AppKit.framework in Frameworks */ = {isa = PBXBuildFile; fileRef = FEE163E9137C6DAD00B2F340 /* AppKit.framework */; };
/* End PBXBuildFile section */

/* Begin PBXBuildRule section */
		49B6AC24147BB10900429D06 /* PBXBuildRule */ = {
			isa = PBXBuildRule;
			compilerSpec = org.cocotron.1.0.windows.i386.gcc.default;
			fileType = sourcecode.c;
			isEditable = 1;
			outputFiles = (
			);
		};
		49B6AC25147BB10900429D06 /* PBXBuildRule */ = {
			isa = PBXBuildRule;
			compilerSpec = org.cocotron.1.0.windows.i386.gcc.default;
			fileType = sourcecode.asm;
			isEditable = 1;
			outputFiles = (
			);
		};
		FE5C82FA121D67BB0063E96F /* PBXBuildRule */ = {
			isa = PBXBuildRule;
			compilerSpec = org.cocotron.1.0.windows.i386.gcc.default;
			fileType = sourcecode.c;
			isEditable = 1;
			outputFiles = (
			);
		};
		FEB99E5B138417F20072F784 /* PBXBuildRule */ = {
			isa = PBXBuildRule;
			compilerSpec = org.cocotron.1.0.windows.i386.gcc.default;
			fileType = sourcecode.cpp;
			isEditable = 1;
			outputFiles = (
			);
		};
/* End PBXBuildRule section */

/* Begin PBXFileReference section */
		089C167EFE841241C02AAC07 /* English */ = {isa = PBXFileReference; fileEncoding = 4; lastKnownFileType = text.plist.strings; name = English; path = English.lproj/InfoPlist.strings; sourceTree = "<group>"; };
		0AA1909FFE8422F4C02AAC07 /* Foundation.framework */ = {isa = PBXFileReference; lastKnownFileType = wrapper.framework; name = Foundation.framework; path = /System/Library/Frameworks/Foundation.framework; sourceTree = "<absolute>"; };
		4920AE1B145EABE9007999E6 /* agg_font_cache_manager.h */ = {isa = PBXFileReference; fileEncoding = 4; lastKnownFileType = sourcecode.c.h; path = agg_font_cache_manager.h; sourceTree = "<group>"; };
		4931E7B913B1042600CEF331 /* partial_stack_blur.h */ = {isa = PBXFileReference; fileEncoding = 4; lastKnownFileType = sourcecode.c.h; path = partial_stack_blur.h; sourceTree = "<group>"; };
		494DA99F145C0C320001E307 /* agg_font_win32_tt.mm */ = {isa = PBXFileReference; fileEncoding = 4; lastKnownFileType = sourcecode.cpp.objcpp; path = agg_font_win32_tt.mm; sourceTree = "<group>"; };
		494DA9A8145C0D290001E307 /* libgdi32.a */ = {isa = PBXFileReference; lastKnownFileType = archive.ar; name = libgdi32.a; path = "/Developer/Cocotron/1.0/PlatformInterfaces/i386-pc-mingw32msvc/lib/libgdi32.a"; sourceTree = "<absolute>"; };
		494DA9C8145C114C0001E307 /* agg_font_win32_tt.h */ = {isa = PBXFileReference; fileEncoding = 4; lastKnownFileType = sourcecode.c.h; path = agg_font_win32_tt.h; sourceTree = "<group>"; };
		49B5B92B18B92CB3008AD8F3 /* o2agg_span_image_filter_rgba.h */ = {isa = PBXFileReference; fileEncoding = 4; lastKnownFileType = sourcecode.c.h; path = o2agg_span_image_filter_rgba.h; sourceTree = "<group>"; };
		49B6B97C147BE9E700429D06 /* o2agg_pixfmt_rgba.h */ = {isa = PBXFileReference; fileEncoding = 4; lastKnownFileType = sourcecode.c.h; path = o2agg_pixfmt_rgba.h; sourceTree = "<group>"; };
		8D576316048677EA00EA77CD /* O2Context_AntiGrain.cgContext */ = {isa = PBXFileReference; explicitFileType = wrapper.cfbundle; includeInIndex = 0; path = O2Context_AntiGrain.cgContext; sourceTree = BUILT_PRODUCTS_DIR; };
		8D576317048677EA00EA77CD /* Info.plist */ = {isa = PBXFileReference; fileEncoding = 4; lastKnownFileType = text.plist.xml; path = Info.plist; sourceTree = "<group>"; };
		BF0E13B71E644D1D006075D4 /* O2Context_AntiGrain.xcconfig */ = {isa = PBXFileReference; lastKnownFileType = text.xcconfig; path = O2Context_AntiGrain.xcconfig; sourceTree = "<group>"; };
		BF31F6521E644F6400CF40C6 /* AggAvailability.h */ = {isa = PBXFileReference; lastKnownFileType = sourcecode.c.h; path = AggAvailability.h; sourceTree = "<group>"; };
		FE5C8312121D81470063E96F /* O2Context_AntiGrain.h */ = {isa = PBXFileReference; fileEncoding = 4; lastKnownFileType = sourcecode.c.h; path = O2Context_AntiGrain.h; sourceTree = "<group>"; };
		FE5C8313121D81470063E96F /* O2Context_AntiGrain.mm */ = {isa = PBXFileReference; fileEncoding = 4; lastKnownFileType = sourcecode.cpp.objcpp; path = O2Context_AntiGrain.mm; sourceTree = "<group>"; };
		FEE163E9137C6DAD00B2F340 /* AppKit.framework */ = {isa = PBXFileReference; lastKnownFileType = wrapper.framework; name = AppKit.framework; path = /System/Library/Frameworks/AppKit.framework; sourceTree = "<absolute>"; };
/* End PBXFileReference section */

/* Begin PBXFrameworksBuildPhase section */
		8D576313048677EA00EA77CD /* Frameworks */ = {
			isa = PBXFrameworksBuildPhase;
			buildActionMask = 2147483647;
			files = (
				8D576314048677EA00EA77CD /* Foundation.framework in Frameworks */,
				FEE163EA137C6DAD00B2F340 /* AppKit.framework in Frameworks */,
			);
			runOnlyForDeploymentPostprocessing = 0;
		};
/* End PBXFrameworksBuildPhase section */

/* Begin PBXGroup section */
		089C166AFE841209C02AAC07 /* O2Context_AntiGrain */ = {
			isa = PBXGroup;
			children = (
				BF0E13B71E644D1D006075D4 /* O2Context_AntiGrain.xcconfig */,
				BF31F6521E644F6400CF40C6 /* AggAvailability.h */,
				FE5C8312121D81470063E96F /* O2Context_AntiGrain.h */,
				FE5C8313121D81470063E96F /* O2Context_AntiGrain.mm */,
				4920AE1B145EABE9007999E6 /* agg_font_cache_manager.h */,
				494DA9C8145C114C0001E307 /* agg_font_win32_tt.h */,
				494DA99F145C0C320001E307 /* agg_font_win32_tt.mm */,
				49B6B97C147BE9E700429D06 /* o2agg_pixfmt_rgba.h */,
				49B5B92B18B92CB3008AD8F3 /* o2agg_span_image_filter_rgba.h */,
				4931E7B913B1042600CEF331 /* partial_stack_blur.h */,
				089C1671FE841209C02AAC07 /* External Frameworks and Libraries */,
				19C28FB6FE9D52B211CA2CBB /* Products */,
				089C167CFE841241C02AAC07 /* Resources */,
			);
			indentWidth = 4;
			name = O2Context_AntiGrain;
			sourceTree = "<group>";
			tabWidth = 4;
			usesTabs = 0;
		};
		089C1671FE841209C02AAC07 /* External Frameworks and Libraries */ = {
			isa = PBXGroup;
			children = (
				494DA9A8145C0D290001E307 /* libgdi32.a */,
				0AA1909FFE8422F4C02AAC07 /* Foundation.framework */,
				FEE163E9137C6DAD00B2F340 /* AppKit.framework */,
			);
			name = "External Frameworks and Libraries";
			sourceTree = "<group>";
		};
		089C167CFE841241C02AAC07 /* Resources */ = {
			isa = PBXGroup;
			children = (
				8D576317048677EA00EA77CD /* Info.plist */,
				8D5B49A704867FD3000E48DA /* InfoPlist.strings */,
			);
			name = Resources;
			sourceTree = "<group>";
		};
		19C28FB6FE9D52B211CA2CBB /* Products */ = {
			isa = PBXGroup;
			children = (
				8D576316048677EA00EA77CD /* O2Context_AntiGrain.cgContext */,
			);
			name = Products;
			sourceTree = "<group>";
		};
/* End PBXGroup section */

/* Begin PBXNativeTarget section */
		8D57630D048677EA00EA77CD /* O2Context_AntiGrain */ = {
			isa = PBXNativeTarget;
			buildConfigurationList = 1DEB911A08733D790010E9CD /* Build configuration list for PBXNativeTarget "O2Context_AntiGrain" */;
			buildPhases = (
				8D57630F048677EA00EA77CD /* Resources */,
				8D576311048677EA00EA77CD /* Sources */,
				8D576313048677EA00EA77CD /* Frameworks */,
			);
			buildRules = (
				49B6AC24147BB10900429D06 /* PBXBuildRule */,
				49B6AC25147BB10900429D06 /* PBXBuildRule */,
				FEB99E5B138417F20072F784 /* PBXBuildRule */,
				FE5C82FA121D67BB0063E96F /* PBXBuildRule */,
			);
			dependencies = (
			);
			name = O2Context_AntiGrain;
			productInstallPath = "$(HOME)/Library/Bundles";
			productName = O2Context_AntiGrain;
			productReference = 8D576316048677EA00EA77CD /* O2Context_AntiGrain.cgContext */;
			productType = "com.apple.product-type.bundle";
		};
/* End PBXNativeTarget section */

/* Begin PBXProject section */
		089C1669FE841209C02AAC07 /* Project object */ = {
			isa = PBXProject;
			attributes = {
				LastUpgradeCheck = 0460;
			};
			buildConfigurationList = 1DEB911E08733D790010E9CD /* Build configuration list for PBXProject "O2Context_AntiGrain" */;
			compatibilityVersion = "Xcode 3.2";
			developmentRegion = English;
			hasScannedForEncodings = 1;
			knownRegions = (
				English,
				Japanese,
				French,
				German,
			);
			mainGroup = 089C166AFE841209C02AAC07 /* O2Context_AntiGrain */;
			projectDirPath = "";
			projectRoot = "";
			targets = (
				8D57630D048677EA00EA77CD /* O2Context_AntiGrain */,
			);
		};
/* End PBXProject section */

/* Begin PBXResourcesBuildPhase section */
		8D57630F048677EA00EA77CD /* Resources */ = {
			isa = PBXResourcesBuildPhase;
			buildActionMask = 2147483647;
			files = (
				8D5B49A804867FD3000E48DA /* InfoPlist.strings in Resources */,
			);
			runOnlyForDeploymentPostprocessing = 0;
		};
/* End PBXResourcesBuildPhase section */

/* Begin PBXSourcesBuildPhase section */
		8D576311048677EA00EA77CD /* Sources */ = {
			isa = PBXSourcesBuildPhase;
			buildActionMask = 2147483647;
			files = (
				FE5C8314121D81470063E96F /* O2Context_AntiGrain.mm in Sources */,
				494DA9A0145C0C320001E307 /* agg_font_win32_tt.mm in Sources */,
			);
			runOnlyForDeploymentPostprocessing = 0;
		};
/* End PBXSourcesBuildPhase section */

/* Begin PBXVariantGroup section */
		8D5B49A704867FD3000E48DA /* InfoPlist.strings */ = {
			isa = PBXVariantGroup;
			children = (
				089C167EFE841241C02AAC07 /* English */,
			);
			name = InfoPlist.strings;
			sourceTree = "<group>";
		};
/* End PBXVariantGroup section */

/* Begin XCBuildConfiguration section */
		BF0E13B31E644CF9006075D4 /* Debug */ = {
			isa = XCBuildConfiguration;
			baseConfigurationReference = BF0E13B71E644D1D006075D4 /* O2Context_AntiGrain.xcconfig */;
			buildSettings = {
				GCC_OPTIMIZATION_LEVEL = 0;
				SUPPORTED_PLATFORMS = "guestos.linux.x86_64 macosx";
			};
			name = Debug;
		};
		BF0E13B41E644CF9006075D4 /* Debug */ = {
			isa = XCBuildConfiguration;
			buildSettings = {
				ALWAYS_SEARCH_USER_PATHS = NO;
				HEADER_SEARCH_PATHS = (
					"$(inherited)",
					$DSTROOT/include,
					"$DSTROOT/agg-2.4/include/",
				);
				INFOPLIST_FILE = Info.plist;
				INSTALL_PATH = /Frameworks/AppKit.framework/Resources;
				LIBRARY_SEARCH_PATHS = (
					"$(inherited)",
					"$DSTROOT/agg-2.4",
					"$(DERIVED_FILE_DIR)",
					"\"$(DEVELOPER_DIR)/Cocotron/1.0/PlatformInterfaces/i386-mingw32msvc/lib\"",
				);
				PRODUCT_NAME = O2Context_AntiGrain;
				WRAPPER_EXTENSION = cgContext;
			};
			name = Debug;
		};
		BF0E13B51E644CFE006075D4 /* Release */ = {
			isa = XCBuildConfiguration;
			baseConfigurationReference = BF0E13B71E644D1D006075D4 /* O2Context_AntiGrain.xcconfig */;
			buildSettings = {
				GCC_OPTIMIZATION_LEVEL = 0;
				SUPPORTED_PLATFORMS = "guestos.linux.x86_64 macosx";
			};
			name = Release;
		};
		BF0E13B61E644CFE006075D4 /* Release */ = {
			isa = XCBuildConfiguration;
			buildSettings = {
				ALWAYS_SEARCH_USER_PATHS = NO;
				HEADER_SEARCH_PATHS = (
					"$(inherited)",
					$DSTROOT/include,
					"$DSTROOT/agg-2.4/include/",
				);
				INFOPLIST_FILE = Info.plist;
				INSTALL_PATH = /Frameworks/AppKit.framework/Resources;
				LIBRARY_SEARCH_PATHS = (
					"$(inherited)",
					"$DSTROOT/agg-2.4",
					"$(DERIVED_FILE_DIR)",
					"\"$(DEVELOPER_DIR)/Cocotron/1.0/PlatformInterfaces/i386-mingw32msvc/lib\"",
				);
				PRODUCT_NAME = O2Context_AntiGrain;
				WRAPPER_EXTENSION = cgContext;
			};
			name = Release;
		};
/* End XCBuildConfiguration section */

/* Begin XCConfigurationList section */
		1DEB911A08733D790010E9CD /* Build configuration list for PBXNativeTarget "O2Context_AntiGrain" */ = {
			isa = XCConfigurationList;
			buildConfigurations = (
				BF0E13B41E644CF9006075D4 /* Debug */,
				BF0E13B61E644CFE006075D4 /* Release */,
			);
			defaultConfigurationIsVisible = 0;
			defaultConfigurationName = Debug;
		};
		1DEB911E08733D790010E9CD /* Build configuration list for PBXProject "O2Context_AntiGrain" */ = {
			isa = XCConfigurationList;
			buildConfigurations = (
				BF0E13B31E644CF9006075D4 /* Debug */,
				BF0E13B51E644CFE006075D4 /* Release */,
			);
			defaultConfigurationIsVisible = 0;
			defaultConfigurationName = Debug;
		};
/* End XCConfigurationList section */
	};
	rootObject = 089C1669FE841209C02AAC07 /* Project object */;
}
