// !$*UTF8*$!
{
	archiveVersion = 1;
	classes = {
	};
	objectVersion = 46;
	objects = {

/* Begin PBXBuildFile section */
		498E49E21828005C00716340 /* CFStringEncodingExt.h in Headers */ = {isa = PBXBuildFile; fileRef = 498E49E11828005C00716340 /* CFStringEncodingExt.h */; settings = {ATTRIBUTES = (Public, ); }; };
		8DC2EF530486A6940098B216 /* InfoPlist.strings in Resources */ = {isa = PBXBuildFile; fileRef = 089C1666FE841158C02AAC07 /* InfoPlist.strings */; };
		BF5C91831E6309C60039F83F /* CoreFoundation.m in Sources */ = {isa = PBXBuildFile; fileRef = BF5C91811E6309950039F83F /* CoreFoundation.m */; };
		FEE0F9CD0DC962D600598037 /* CFBase.h in Headers */ = {isa = PBXBuildFile; fileRef = FEE0F9C60DC962D600598037 /* CFBase.h */; settings = {ATTRIBUTES = (Public, ); }; };
		FEE0F9CE0DC962D600598037 /* CFLocale.h in Headers */ = {isa = PBXBuildFile; fileRef = FEE0F9C70DC962D600598037 /* CFLocale.h */; settings = {ATTRIBUTES = (Public, ); }; };
		FEE0F9D00DC962D600598037 /* CFNumber.h in Headers */ = {isa = PBXBuildFile; fileRef = FEE0F9C90DC962D600598037 /* CFNumber.h */; settings = {ATTRIBUTES = (Public, ); }; };
		FEE0F9D10DC962D600598037 /* CFNumberFormatter.h in Headers */ = {isa = PBXBuildFile; fileRef = FEE0F9CA0DC962D600598037 /* CFNumberFormatter.h */; settings = {ATTRIBUTES = (Public, ); }; };
		FEE0F9D20DC962D600598037 /* CFString.h in Headers */ = {isa = PBXBuildFile; fileRef = FEE0F9CB0DC962D600598037 /* CFString.h */; settings = {ATTRIBUTES = (Public, ); }; };
		FEE0F9FA0DC9646300598037 /* CoreFoundation.h in Headers */ = {isa = PBXBuildFile; fileRef = FEE0F9F90DC9646300598037 /* CoreFoundation.h */; settings = {ATTRIBUTES = (Public, ); }; };
		FEED22750EFB669D004E378B /* CFArray.h in Headers */ = {isa = PBXBuildFile; fileRef = FEED22530EFB669D004E378B /* CFArray.h */; settings = {ATTRIBUTES = (Public, ); }; };
		FEED22760EFB669D004E378B /* CFAttributedString.h in Headers */ = {isa = PBXBuildFile; fileRef = FEED22540EFB669D004E378B /* CFAttributedString.h */; settings = {ATTRIBUTES = (Public, ); }; };
		FEED22770EFB669D004E378B /* CFBag.h in Headers */ = {isa = PBXBuildFile; fileRef = FEED22550EFB669D004E378B /* CFBag.h */; settings = {ATTRIBUTES = (Public, ); }; };
		FEED22780EFB669D004E378B /* CFBinaryHeap.h in Headers */ = {isa = PBXBuildFile; fileRef = FEED22560EFB669D004E378B /* CFBinaryHeap.h */; settings = {ATTRIBUTES = (Public, ); }; };
		FEED22790EFB669D004E378B /* CFBitVector.h in Headers */ = {isa = PBXBuildFile; fileRef = FEED22570EFB669D004E378B /* CFBitVector.h */; settings = {ATTRIBUTES = (Public, ); }; };
		FEED227A0EFB669D004E378B /* CFBundle.h in Headers */ = {isa = PBXBuildFile; fileRef = FEED22580EFB669D004E378B /* CFBundle.h */; settings = {ATTRIBUTES = (Public, ); }; };
		FEED227B0EFB669D004E378B /* CFByteOrder.h in Headers */ = {isa = PBXBuildFile; fileRef = FEED22590EFB669D004E378B /* CFByteOrder.h */; settings = {ATTRIBUTES = (Public, ); }; };
		FEED227C0EFB669D004E378B /* CFCalendar.h in Headers */ = {isa = PBXBuildFile; fileRef = FEED225A0EFB669D004E378B /* CFCalendar.h */; settings = {ATTRIBUTES = (Public, ); }; };
		FEED227D0EFB669D004E378B /* CFCharacterSet.h in Headers */ = {isa = PBXBuildFile; fileRef = FEED225B0EFB669D004E378B /* CFCharacterSet.h */; settings = {ATTRIBUTES = (Public, ); }; };
		FEED227E0EFB669D004E378B /* CFData.h in Headers */ = {isa = PBXBuildFile; fileRef = FEED225C0EFB669D004E378B /* CFData.h */; settings = {ATTRIBUTES = (Public, ); }; };
		FEED227F0EFB669D004E378B /* CFDate.h in Headers */ = {isa = PBXBuildFile; fileRef = FEED225D0EFB669D004E378B /* CFDate.h */; settings = {ATTRIBUTES = (Public, ); }; };
		FEED22800EFB669D004E378B /* CFDateFormatter.h in Headers */ = {isa = PBXBuildFile; fileRef = FEED225E0EFB669D004E378B /* CFDateFormatter.h */; settings = {ATTRIBUTES = (Public, ); }; };
		FEED22810EFB669D004E378B /* CFDictionary.h in Headers */ = {isa = PBXBuildFile; fileRef = FEED225F0EFB669D004E378B /* CFDictionary.h */; settings = {ATTRIBUTES = (Public, ); }; };
		FEED22820EFB669D004E378B /* CFError.h in Headers */ = {isa = PBXBuildFile; fileRef = FEED22600EFB669D004E378B /* CFError.h */; settings = {ATTRIBUTES = (Public, ); }; };
		FEED22830EFB669D004E378B /* CFFileDescriptor.h in Headers */ = {isa = PBXBuildFile; fileRef = FEED22610EFB669D004E378B /* CFFileDescriptor.h */; settings = {ATTRIBUTES = (Public, ); }; };
		FEED22840EFB669D004E378B /* CFMachPort.h in Headers */ = {isa = PBXBuildFile; fileRef = FEED22620EFB669D004E378B /* CFMachPort.h */; settings = {ATTRIBUTES = (Public, ); }; };
		FEED22850EFB669D004E378B /* CFMessagePort.h in Headers */ = {isa = PBXBuildFile; fileRef = FEED22630EFB669D004E378B /* CFMessagePort.h */; settings = {ATTRIBUTES = (Public, ); }; };
		FEED22860EFB669D004E378B /* CFNotificationCenter.h in Headers */ = {isa = PBXBuildFile; fileRef = FEED22640EFB669D004E378B /* CFNotificationCenter.h */; settings = {ATTRIBUTES = (Public, ); }; };
		FEED22870EFB669D004E378B /* CFPlugIn.h in Headers */ = {isa = PBXBuildFile; fileRef = FEED22650EFB669D004E378B /* CFPlugIn.h */; settings = {ATTRIBUTES = (Public, ); }; };
		FEED22890EFB669D004E378B /* CFPreferences.h in Headers */ = {isa = PBXBuildFile; fileRef = FEED22670EFB669D004E378B /* CFPreferences.h */; settings = {ATTRIBUTES = (Public, ); }; };
		FEED228A0EFB669D004E378B /* CFPropertyList.h in Headers */ = {isa = PBXBuildFile; fileRef = FEED22680EFB669D004E378B /* CFPropertyList.h */; settings = {ATTRIBUTES = (Public, ); }; };
		FEED228B0EFB669D004E378B /* CFRunLoop.h in Headers */ = {isa = PBXBuildFile; fileRef = FEED22690EFB669D004E378B /* CFRunLoop.h */; settings = {ATTRIBUTES = (Public, ); }; };
		FEED228C0EFB669D004E378B /* CFSet.h in Headers */ = {isa = PBXBuildFile; fileRef = FEED226A0EFB669D004E378B /* CFSet.h */; settings = {ATTRIBUTES = (Public, ); }; };
		FEED228D0EFB669D004E378B /* CFSocket.h in Headers */ = {isa = PBXBuildFile; fileRef = FEED226B0EFB669D004E378B /* CFSocket.h */; settings = {ATTRIBUTES = (Public, ); }; };
		FEED228E0EFB669D004E378B /* CFStream.h in Headers */ = {isa = PBXBuildFile; fileRef = FEED226C0EFB669D004E378B /* CFStream.h */; settings = {ATTRIBUTES = (Public, ); }; };
		FEED228F0EFB669D004E378B /* CFStringTokenizer.h in Headers */ = {isa = PBXBuildFile; fileRef = FEED226D0EFB669D004E378B /* CFStringTokenizer.h */; settings = {ATTRIBUTES = (Public, ); }; };
		FEED22900EFB669D004E378B /* CFTimeZone.h in Headers */ = {isa = PBXBuildFile; fileRef = FEED226E0EFB669D004E378B /* CFTimeZone.h */; settings = {ATTRIBUTES = (Public, ); }; };
		FEED22910EFB669D004E378B /* CFTree.h in Headers */ = {isa = PBXBuildFile; fileRef = FEED226F0EFB669D004E378B /* CFTree.h */; settings = {ATTRIBUTES = (Public, ); }; };
		FEED22920EFB669D004E378B /* CFURL.h in Headers */ = {isa = PBXBuildFile; fileRef = FEED22700EFB669D004E378B /* CFURL.h */; settings = {ATTRIBUTES = (Public, ); }; };
		FEED22930EFB669D004E378B /* CFUserNotification.h in Headers */ = {isa = PBXBuildFile; fileRef = FEED22710EFB669D004E378B /* CFUserNotification.h */; settings = {ATTRIBUTES = (Public, ); }; };
		FEED22940EFB669D004E378B /* CFUUID.h in Headers */ = {isa = PBXBuildFile; fileRef = FEED22720EFB669D004E378B /* CFUUID.h */; settings = {ATTRIBUTES = (Public, ); }; };
		FEED22950EFB669D004E378B /* CFXMLNode.h in Headers */ = {isa = PBXBuildFile; fileRef = FEED22730EFB669D004E378B /* CFXMLNode.h */; settings = {ATTRIBUTES = (Public, ); }; };
		FEED22960EFB669D004E378B /* CFXMLParser.h in Headers */ = {isa = PBXBuildFile; fileRef = FEED22740EFB669D004E378B /* CFXMLParser.h */; settings = {ATTRIBUTES = (Public, ); }; };
/* End PBXBuildFile section */

/* Begin PBXContainerItemProxy section */
		FE6784E2143389C80009A0A0 /* PBXContainerItemProxy */ = {
			isa = PBXContainerItemProxy;
			containerPortal = FE6784DB143389C80009A0A0 /* pthread.xcodeproj */;
			proxyType = 2;
			remoteGlobalIDString = D2AAC0C705546C1D00DB518D;
			remoteInfo = pthread;
		};
		FE6784E4143389D10009A0A0 /* PBXContainerItemProxy */ = {
			isa = PBXContainerItemProxy;
			containerPortal = FE6784DB143389C80009A0A0 /* pthread.xcodeproj */;
			proxyType = 1;
			remoteGlobalIDString = D2AAC0C605546C1D00DB518D;
			remoteInfo = pthread;
		};
/* End PBXContainerItemProxy section */

/* Begin PBXFileReference section */
		089C1667FE841158C02AAC07 /* English */ = {isa = PBXFileReference; fileEncoding = 10; lastKnownFileType = text.plist.strings; name = English; path = English.lproj/InfoPlist.strings; sourceTree = "<group>"; };
		498E49E11828005C00716340 /* CFStringEncodingExt.h */ = {isa = PBXFileReference; fileEncoding = 4; lastKnownFileType = sourcecode.c.h; path = CFStringEncodingExt.h; sourceTree = "<group>"; };
		8DC2EF5A0486A6940098B216 /* Info.plist */ = {isa = PBXFileReference; fileEncoding = 4; lastKnownFileType = text.plist.xml; path = Info.plist; sourceTree = "<group>"; };
		8DC2EF5B0486A6940098B216 /* CoreFoundation.framework */ = {isa = PBXFileReference; explicitFileType = wrapper.framework; includeInIndex = 0; path = CoreFoundation.framework; sourceTree = BUILT_PRODUCTS_DIR; };
		BF5C912F1E63068A0039F83F /* CFArray.m */ = {isa = PBXFileReference; fileEncoding = 4; lastKnownFileType = sourcecode.c.objc; path = CFArray.m; sourceTree = "<group>"; };
		BF5C91301E63068A0039F83F /* CFAttributedString.m */ = {isa = PBXFileReference; fileEncoding = 4; lastKnownFileType = sourcecode.c.objc; path = CFAttributedString.m; sourceTree = "<group>"; };
		BF5C91311E63068A0039F83F /* CFBag.m */ = {isa = PBXFileReference; fileEncoding = 4; lastKnownFileType = sourcecode.c.objc; path = CFBag.m; sourceTree = "<group>"; };
		BF5C91321E63068A0039F83F /* CFBase.m */ = {isa = PBXFileReference; fileEncoding = 4; lastKnownFileType = sourcecode.c.objc; path = CFBase.m; sourceTree = "<group>"; };
		BF5C91331E63068A0039F83F /* CFBinaryHeap.m */ = {isa = PBXFileReference; fileEncoding = 4; lastKnownFileType = sourcecode.c.objc; path = CFBinaryHeap.m; sourceTree = "<group>"; };
		BF5C91341E63068A0039F83F /* CFBitVector.m */ = {isa = PBXFileReference; fileEncoding = 4; lastKnownFileType = sourcecode.c.objc; path = CFBitVector.m; sourceTree = "<group>"; };
		BF5C91351E63068A0039F83F /* CFBundle.m */ = {isa = PBXFileReference; fileEncoding = 4; lastKnownFileType = sourcecode.c.objc; path = CFBundle.m; sourceTree = "<group>"; };
		BF5C91361E63068A0039F83F /* CFByteOrder.m */ = {isa = PBXFileReference; fileEncoding = 4; lastKnownFileType = sourcecode.c.objc; path = CFByteOrder.m; sourceTree = "<group>"; };
		BF5C91371E63068A0039F83F /* CFCalendar.m */ = {isa = PBXFileReference; fileEncoding = 4; lastKnownFileType = sourcecode.c.objc; path = CFCalendar.m; sourceTree = "<group>"; };
		BF5C91381E63068A0039F83F /* CFCharacterSet.m */ = {isa = PBXFileReference; fileEncoding = 4; lastKnownFileType = sourcecode.c.objc; path = CFCharacterSet.m; sourceTree = "<group>"; };
		BF5C91391E63068A0039F83F /* CFData.m */ = {isa = PBXFileReference; fileEncoding = 4; lastKnownFileType = sourcecode.c.objc; path = CFData.m; sourceTree = "<group>"; };
		BF5C913A1E63068A0039F83F /* CFDate.m */ = {isa = PBXFileReference; fileEncoding = 4; lastKnownFileType = sourcecode.c.objc; path = CFDate.m; sourceTree = "<group>"; };
		BF5C913B1E63068A0039F83F /* CFDateFormatter.m */ = {isa = PBXFileReference; fileEncoding = 4; lastKnownFileType = sourcecode.c.objc; path = CFDateFormatter.m; sourceTree = "<group>"; };
		BF5C913C1E63068A0039F83F /* CFDictionary.m */ = {isa = PBXFileReference; fileEncoding = 4; lastKnownFileType = sourcecode.c.objc; path = CFDictionary.m; sourceTree = "<group>"; };
		BF5C913D1E63068A0039F83F /* CFError.m */ = {isa = PBXFileReference; fileEncoding = 4; lastKnownFileType = sourcecode.c.objc; path = CFError.m; sourceTree = "<group>"; };
		BF5C913E1E63068A0039F83F /* CFFileDescriptor.m */ = {isa = PBXFileReference; fileEncoding = 4; lastKnownFileType = sourcecode.c.objc; path = CFFileDescriptor.m; sourceTree = "<group>"; };
		BF5C913F1E63068A0039F83F /* CFLocale.m */ = {isa = PBXFileReference; fileEncoding = 4; lastKnownFileType = sourcecode.c.objc; path = CFLocale.m; sourceTree = "<group>"; };
		BF5C91401E63068A0039F83F /* CFMachPort.m */ = {isa = PBXFileReference; fileEncoding = 4; lastKnownFileType = sourcecode.c.objc; path = CFMachPort.m; sourceTree = "<group>"; };
		BF5C91411E63068A0039F83F /* CFMessagePort.m */ = {isa = PBXFileReference; fileEncoding = 4; lastKnownFileType = sourcecode.c.objc; path = CFMessagePort.m; sourceTree = "<group>"; };
		BF5C91421E63068A0039F83F /* CFNotificationCenter.m */ = {isa = PBXFileReference; fileEncoding = 4; lastKnownFileType = sourcecode.c.objc; path = CFNotificationCenter.m; sourceTree = "<group>"; };
		BF5C91431E63068A0039F83F /* CFNumber.m */ = {isa = PBXFileReference; fileEncoding = 4; lastKnownFileType = sourcecode.c.objc; path = CFNumber.m; sourceTree = "<group>"; };
		BF5C91441E63068A0039F83F /* CFNumberFormatter.m */ = {isa = PBXFileReference; fileEncoding = 4; lastKnownFileType = sourcecode.c.objc; path = CFNumberFormatter.m; sourceTree = "<group>"; };
		BF5C91451E63068A0039F83F /* CFPlugIn.m */ = {isa = PBXFileReference; fileEncoding = 4; lastKnownFileType = sourcecode.c.objc; path = CFPlugIn.m; sourceTree = "<group>"; };
		BF5C91461E63068A0039F83F /* CFPreferences.m */ = {isa = PBXFileReference; fileEncoding = 4; lastKnownFileType = sourcecode.c.objc; path = CFPreferences.m; sourceTree = "<group>"; };
		BF5C91471E63068A0039F83F /* CFPropertyList.m */ = {isa = PBXFileReference; fileEncoding = 4; lastKnownFileType = sourcecode.c.objc; path = CFPropertyList.m; sourceTree = "<group>"; };
		BF5C91481E63068A0039F83F /* CFRunLoop.m */ = {isa = PBXFileReference; fileEncoding = 4; lastKnownFileType = sourcecode.c.objc; path = CFRunLoop.m; sourceTree = "<group>"; };
		BF5C91491E63068A0039F83F /* CFSet.m */ = {isa = PBXFileReference; fileEncoding = 4; lastKnownFileType = sourcecode.c.objc; path = CFSet.m; sourceTree = "<group>"; };
		BF5C914A1E63068A0039F83F /* CFSocket.m */ = {isa = PBXFileReference; fileEncoding = 4; lastKnownFileType = sourcecode.c.objc; path = CFSocket.m; sourceTree = "<group>"; };
		BF5C914B1E63068A0039F83F /* CFStream.m */ = {isa = PBXFileReference; fileEncoding = 4; lastKnownFileType = sourcecode.c.objc; path = CFStream.m; sourceTree = "<group>"; };
		BF5C914C1E63068A0039F83F /* CFString.m */ = {isa = PBXFileReference; fileEncoding = 4; lastKnownFileType = sourcecode.c.objc; path = CFString.m; sourceTree = "<group>"; };
		BF5C914D1E63068A0039F83F /* CFStringTokenizer.m */ = {isa = PBXFileReference; fileEncoding = 4; lastKnownFileType = sourcecode.c.objc; path = CFStringTokenizer.m; sourceTree = "<group>"; };
		BF5C914E1E63068A0039F83F /* CFTimeZone.m */ = {isa = PBXFileReference; fileEncoding = 4; lastKnownFileType = sourcecode.c.objc; path = CFTimeZone.m; sourceTree = "<group>"; };
		BF5C914F1E63068A0039F83F /* CFTree.m */ = {isa = PBXFileReference; fileEncoding = 4; lastKnownFileType = sourcecode.c.objc; path = CFTree.m; sourceTree = "<group>"; };
		BF5C91501E63068A0039F83F /* CFURL.m */ = {isa = PBXFileReference; fileEncoding = 4; lastKnownFileType = sourcecode.c.objc; path = CFURL.m; sourceTree = "<group>"; };
		BF5C91511E63068A0039F83F /* CFUserNotification.m */ = {isa = PBXFileReference; fileEncoding = 4; lastKnownFileType = sourcecode.c.objc; path = CFUserNotification.m; sourceTree = "<group>"; };
		BF5C91521E63068A0039F83F /* CFUUID.m */ = {isa = PBXFileReference; fileEncoding = 4; lastKnownFileType = sourcecode.c.objc; path = CFUUID.m; sourceTree = "<group>"; };
		BF5C91531E63068A0039F83F /* CFXMLNode.m */ = {isa = PBXFileReference; fileEncoding = 4; lastKnownFileType = sourcecode.c.objc; path = CFXMLNode.m; sourceTree = "<group>"; };
		BF5C91541E63068A0039F83F /* CFXMLParser.m */ = {isa = PBXFileReference; fileEncoding = 4; lastKnownFileType = sourcecode.c.objc; path = CFXMLParser.m; sourceTree = "<group>"; };
		BF5C91801E63077A0039F83F /* CoreFoundation.xcconfig */ = {isa = PBXFileReference; lastKnownFileType = text.xcconfig; path = CoreFoundation.xcconfig; sourceTree = "<group>"; };
		BF5C91811E6309950039F83F /* CoreFoundation.m */ = {isa = PBXFileReference; fileEncoding = 4; lastKnownFileType = sourcecode.c.objc; path = CoreFoundation.m; sourceTree = "<group>"; };
		BFBE53DE1E46810700ED77AD /* linux-x86_64-framework.xcconfig */ = {isa = PBXFileReference; fileEncoding = 4; lastKnownFileType = text.xcconfig; path = "linux-x86_64-framework.xcconfig"; sourceTree = "<group>"; };
		FE6784DB143389C80009A0A0 /* pthread.xcodeproj */ = {isa = PBXFileReference; lastKnownFileType = "wrapper.pb-project"; name = pthread.xcodeproj; path = ../pthread/pthread.xcodeproj; sourceTree = SOURCE_ROOT; };
		FE7085E51431179200B99A95 /* windows-i386-framework.xcconfig */ = {isa = PBXFileReference; fileEncoding = 4; lastKnownFileType = text.xcconfig; path = "windows-i386-framework.xcconfig"; sourceTree = "<group>"; };
		FEC0A3B11709358C002A60B7 /* darwin-i386-framework.xcconfig */ = {isa = PBXFileReference; fileEncoding = 4; lastKnownFileType = text.xcconfig; path = "darwin-i386-framework.xcconfig"; sourceTree = "<group>"; };
		FEC0A3B21709358C002A60B7 /* darwin-ppc-framework.xcconfig */ = {isa = PBXFileReference; fileEncoding = 4; lastKnownFileType = text.xcconfig; path = "darwin-ppc-framework.xcconfig"; sourceTree = "<group>"; };
		FEC0A3B31709358C002A60B7 /* darwin-x86_64-framework.xcconfig */ = {isa = PBXFileReference; fileEncoding = 4; lastKnownFileType = text.xcconfig; path = "darwin-x86_64-framework.xcconfig"; sourceTree = "<group>"; };
		FEC0A3B41709358C002A60B7 /* freebsd-i386-framework.xcconfig */ = {isa = PBXFileReference; fileEncoding = 4; lastKnownFileType = text.xcconfig; path = "freebsd-i386-framework.xcconfig"; sourceTree = "<group>"; };
		FEC0A3B51709358C002A60B7 /* linux-arm-framework.xcconfig */ = {isa = PBXFileReference; fileEncoding = 4; lastKnownFileType = text.xcconfig; path = "linux-arm-framework.xcconfig"; sourceTree = "<group>"; };
		FEC0A3B61709358C002A60B7 /* linux-i386-framework.xcconfig */ = {isa = PBXFileReference; fileEncoding = 4; lastKnownFileType = text.xcconfig; path = "linux-i386-framework.xcconfig"; sourceTree = "<group>"; };
		FEC0A3B71709358C002A60B7 /* linux-ppc-framework.xcconfig */ = {isa = PBXFileReference; fileEncoding = 4; lastKnownFileType = text.xcconfig; path = "linux-ppc-framework.xcconfig"; sourceTree = "<group>"; };
		FEC0A3B81709358C002A60B7 /* solaris-sparc-framework.xcconfig */ = {isa = PBXFileReference; fileEncoding = 4; lastKnownFileType = text.xcconfig; path = "solaris-sparc-framework.xcconfig"; sourceTree = "<group>"; };
		FEE0F9C60DC962D600598037 /* CFBase.h */ = {isa = PBXFileReference; fileEncoding = 4; lastKnownFileType = sourcecode.c.h; path = CFBase.h; sourceTree = "<group>"; };
		FEE0F9C70DC962D600598037 /* CFLocale.h */ = {isa = PBXFileReference; fileEncoding = 4; lastKnownFileType = sourcecode.c.h; path = CFLocale.h; sourceTree = "<group>"; };
		FEE0F9C90DC962D600598037 /* CFNumber.h */ = {isa = PBXFileReference; fileEncoding = 4; lastKnownFileType = sourcecode.c.h; path = CFNumber.h; sourceTree = "<group>"; };
		FEE0F9CA0DC962D600598037 /* CFNumberFormatter.h */ = {isa = PBXFileReference; fileEncoding = 4; lastKnownFileType = sourcecode.c.h; path = CFNumberFormatter.h; sourceTree = "<group>"; };
		FEE0F9CB0DC962D600598037 /* CFString.h */ = {isa = PBXFileReference; fileEncoding = 4; lastKnownFileType = sourcecode.c.h; path = CFString.h; sourceTree = "<group>"; };
		FEE0F9F90DC9646300598037 /* CoreFoundation.h */ = {isa = PBXFileReference; fileEncoding = 4; lastKnownFileType = sourcecode.c.h; path = CoreFoundation.h; sourceTree = "<group>"; };
		FEED22530EFB669D004E378B /* CFArray.h */ = {isa = PBXFileReference; fileEncoding = 4; lastKnownFileType = sourcecode.c.h; path = CFArray.h; sourceTree = "<group>"; };
		FEED22540EFB669D004E378B /* CFAttributedString.h */ = {isa = PBXFileReference; fileEncoding = 4; lastKnownFileType = sourcecode.c.h; path = CFAttributedString.h; sourceTree = "<group>"; };
		FEED22550EFB669D004E378B /* CFBag.h */ = {isa = PBXFileReference; fileEncoding = 4; lastKnownFileType = sourcecode.c.h; path = CFBag.h; sourceTree = "<group>"; };
		FEED22560EFB669D004E378B /* CFBinaryHeap.h */ = {isa = PBXFileReference; fileEncoding = 4; lastKnownFileType = sourcecode.c.h; path = CFBinaryHeap.h; sourceTree = "<group>"; };
		FEED22570EFB669D004E378B /* CFBitVector.h */ = {isa = PBXFileReference; fileEncoding = 4; lastKnownFileType = sourcecode.c.h; path = CFBitVector.h; sourceTree = "<group>"; };
		FEED22580EFB669D004E378B /* CFBundle.h */ = {isa = PBXFileReference; fileEncoding = 4; lastKnownFileType = sourcecode.c.h; path = CFBundle.h; sourceTree = "<group>"; };
		FEED22590EFB669D004E378B /* CFByteOrder.h */ = {isa = PBXFileReference; fileEncoding = 4; lastKnownFileType = sourcecode.c.h; path = CFByteOrder.h; sourceTree = "<group>"; };
		FEED225A0EFB669D004E378B /* CFCalendar.h */ = {isa = PBXFileReference; fileEncoding = 4; lastKnownFileType = sourcecode.c.h; path = CFCalendar.h; sourceTree = "<group>"; };
		FEED225B0EFB669D004E378B /* CFCharacterSet.h */ = {isa = PBXFileReference; fileEncoding = 4; lastKnownFileType = sourcecode.c.h; path = CFCharacterSet.h; sourceTree = "<group>"; };
		FEED225C0EFB669D004E378B /* CFData.h */ = {isa = PBXFileReference; fileEncoding = 4; lastKnownFileType = sourcecode.c.h; path = CFData.h; sourceTree = "<group>"; };
		FEED225D0EFB669D004E378B /* CFDate.h */ = {isa = PBXFileReference; fileEncoding = 4; lastKnownFileType = sourcecode.c.h; path = CFDate.h; sourceTree = "<group>"; };
		FEED225E0EFB669D004E378B /* CFDateFormatter.h */ = {isa = PBXFileReference; fileEncoding = 4; lastKnownFileType = sourcecode.c.h; path = CFDateFormatter.h; sourceTree = "<group>"; };
		FEED225F0EFB669D004E378B /* CFDictionary.h */ = {isa = PBXFileReference; fileEncoding = 4; lastKnownFileType = sourcecode.c.h; path = CFDictionary.h; sourceTree = "<group>"; };
		FEED22600EFB669D004E378B /* CFError.h */ = {isa = PBXFileReference; fileEncoding = 4; lastKnownFileType = sourcecode.c.h; path = CFError.h; sourceTree = "<group>"; };
		FEED22610EFB669D004E378B /* CFFileDescriptor.h */ = {isa = PBXFileReference; fileEncoding = 4; lastKnownFileType = sourcecode.c.h; path = CFFileDescriptor.h; sourceTree = "<group>"; };
		FEED22620EFB669D004E378B /* CFMachPort.h */ = {isa = PBXFileReference; fileEncoding = 4; lastKnownFileType = sourcecode.c.h; path = CFMachPort.h; sourceTree = "<group>"; };
		FEED22630EFB669D004E378B /* CFMessagePort.h */ = {isa = PBXFileReference; fileEncoding = 4; lastKnownFileType = sourcecode.c.h; path = CFMessagePort.h; sourceTree = "<group>"; };
		FEED22640EFB669D004E378B /* CFNotificationCenter.h */ = {isa = PBXFileReference; fileEncoding = 4; lastKnownFileType = sourcecode.c.h; path = CFNotificationCenter.h; sourceTree = "<group>"; };
		FEED22650EFB669D004E378B /* CFPlugIn.h */ = {isa = PBXFileReference; fileEncoding = 4; lastKnownFileType = sourcecode.c.h; path = CFPlugIn.h; sourceTree = "<group>"; };
		FEED22670EFB669D004E378B /* CFPreferences.h */ = {isa = PBXFileReference; fileEncoding = 4; lastKnownFileType = sourcecode.c.h; path = CFPreferences.h; sourceTree = "<group>"; };
		FEED22680EFB669D004E378B /* CFPropertyList.h */ = {isa = PBXFileReference; fileEncoding = 4; lastKnownFileType = sourcecode.c.h; path = CFPropertyList.h; sourceTree = "<group>"; };
		FEED22690EFB669D004E378B /* CFRunLoop.h */ = {isa = PBXFileReference; fileEncoding = 4; lastKnownFileType = sourcecode.c.h; path = CFRunLoop.h; sourceTree = "<group>"; };
		FEED226A0EFB669D004E378B /* CFSet.h */ = {isa = PBXFileReference; fileEncoding = 4; lastKnownFileType = sourcecode.c.h; path = CFSet.h; sourceTree = "<group>"; };
		FEED226B0EFB669D004E378B /* CFSocket.h */ = {isa = PBXFileReference; fileEncoding = 4; lastKnownFileType = sourcecode.c.h; path = CFSocket.h; sourceTree = "<group>"; };
		FEED226C0EFB669D004E378B /* CFStream.h */ = {isa = PBXFileReference; fileEncoding = 4; lastKnownFileType = sourcecode.c.h; path = CFStream.h; sourceTree = "<group>"; };
		FEED226D0EFB669D004E378B /* CFStringTokenizer.h */ = {isa = PBXFileReference; fileEncoding = 4; lastKnownFileType = sourcecode.c.h; path = CFStringTokenizer.h; sourceTree = "<group>"; };
		FEED226E0EFB669D004E378B /* CFTimeZone.h */ = {isa = PBXFileReference; fileEncoding = 4; lastKnownFileType = sourcecode.c.h; path = CFTimeZone.h; sourceTree = "<group>"; };
		FEED226F0EFB669D004E378B /* CFTree.h */ = {isa = PBXFileReference; fileEncoding = 4; lastKnownFileType = sourcecode.c.h; path = CFTree.h; sourceTree = "<group>"; };
		FEED22700EFB669D004E378B /* CFURL.h */ = {isa = PBXFileReference; fileEncoding = 4; lastKnownFileType = sourcecode.c.h; path = CFURL.h; sourceTree = "<group>"; };
		FEED22710EFB669D004E378B /* CFUserNotification.h */ = {isa = PBXFileReference; fileEncoding = 4; lastKnownFileType = sourcecode.c.h; path = CFUserNotification.h; sourceTree = "<group>"; };
		FEED22720EFB669D004E378B /* CFUUID.h */ = {isa = PBXFileReference; fileEncoding = 4; lastKnownFileType = sourcecode.c.h; path = CFUUID.h; sourceTree = "<group>"; };
		FEED22730EFB669D004E378B /* CFXMLNode.h */ = {isa = PBXFileReference; fileEncoding = 4; lastKnownFileType = sourcecode.c.h; path = CFXMLNode.h; sourceTree = "<group>"; };
		FEED22740EFB669D004E378B /* CFXMLParser.h */ = {isa = PBXFileReference; fileEncoding = 4; lastKnownFileType = sourcecode.c.h; path = CFXMLParser.h; sourceTree = "<group>"; };
/* End PBXFileReference section */

/* Begin PBXFrameworksBuildPhase section */
		BF5C917F1E6307340039F83F /* Frameworks */ = {
			isa = PBXFrameworksBuildPhase;
			buildActionMask = 2147483647;
			files = (
			);
			runOnlyForDeploymentPostprocessing = 0;
		};
/* End PBXFrameworksBuildPhase section */

/* Begin PBXGroup section */
		034768DFFF38A50411DB9C8B /* Products */ = {
			isa = PBXGroup;
			children = (
				8DC2EF5B0486A6940098B216 /* CoreFoundation.framework */,
			);
			name = Products;
			sourceTree = "<group>";
		};
		0867D691FE84028FC02AAC07 /* CoreFoundation */ = {
			isa = PBXGroup;
			children = (
				BF5C91801E63077A0039F83F /* CoreFoundation.xcconfig */,
				BF5C91571E6306B60039F83F /* Headers */,
				BF5C91561E6306A90039F83F /* Sources */,
				FE6784DB143389C80009A0A0 /* pthread.xcodeproj */,
				FE1E540D14302FBD000D60A1 /* xcconfig */,
				0867D69AFE84028FC02AAC07 /* External Frameworks and Libraries */,
				32C88DFF0371C24200C91783 /* Other Sources */,
				034768DFFF38A50411DB9C8B /* Products */,
				089C1665FE841158C02AAC07 /* Resources */,
			);
			indentWidth = 4;
			name = CoreFoundation;
			sourceTree = "<group>";
			tabWidth = 4;
			usesTabs = 0;
		};
		0867D69AFE84028FC02AAC07 /* External Frameworks and Libraries */ = {
			isa = PBXGroup;
			children = (
				1058C7B0FEA5585E11CA2CBB /* Linked Frameworks */,
				1058C7B2FEA5585E11CA2CBB /* Other Frameworks */,
			);
			name = "External Frameworks and Libraries";
			sourceTree = "<group>";
		};
		089C1665FE841158C02AAC07 /* Resources */ = {
			isa = PBXGroup;
			children = (
				8DC2EF5A0486A6940098B216 /* Info.plist */,
				089C1666FE841158C02AAC07 /* InfoPlist.strings */,
			);
			name = Resources;
			sourceTree = "<group>";
		};
		1058C7B0FEA5585E11CA2CBB /* Linked Frameworks */ = {
			isa = PBXGroup;
			children = (
			);
			name = "Linked Frameworks";
			sourceTree = "<group>";
		};
		1058C7B2FEA5585E11CA2CBB /* Other Frameworks */ = {
			isa = PBXGroup;
			children = (
			);
			name = "Other Frameworks";
			sourceTree = "<group>";
		};
		32C88DFF0371C24200C91783 /* Other Sources */ = {
			isa = PBXGroup;
			children = (
			);
			name = "Other Sources";
			sourceTree = "<group>";
		};
		BF5C91561E6306A90039F83F /* Sources */ = {
			isa = PBXGroup;
			children = (
				BF5C912F1E63068A0039F83F /* CFArray.m */,
				BF5C91301E63068A0039F83F /* CFAttributedString.m */,
				BF5C91311E63068A0039F83F /* CFBag.m */,
				BF5C91321E63068A0039F83F /* CFBase.m */,
				BF5C91331E63068A0039F83F /* CFBinaryHeap.m */,
				BF5C91341E63068A0039F83F /* CFBitVector.m */,
				BF5C91351E63068A0039F83F /* CFBundle.m */,
				BF5C91361E63068A0039F83F /* CFByteOrder.m */,
				BF5C91371E63068A0039F83F /* CFCalendar.m */,
				BF5C91381E63068A0039F83F /* CFCharacterSet.m */,
				BF5C91391E63068A0039F83F /* CFData.m */,
				BF5C913A1E63068A0039F83F /* CFDate.m */,
				BF5C913B1E63068A0039F83F /* CFDateFormatter.m */,
				BF5C913C1E63068A0039F83F /* CFDictionary.m */,
				BF5C913D1E63068A0039F83F /* CFError.m */,
				BF5C913E1E63068A0039F83F /* CFFileDescriptor.m */,
				BF5C913F1E63068A0039F83F /* CFLocale.m */,
				BF5C91401E63068A0039F83F /* CFMachPort.m */,
				BF5C91411E63068A0039F83F /* CFMessagePort.m */,
				BF5C91421E63068A0039F83F /* CFNotificationCenter.m */,
				BF5C91431E63068A0039F83F /* CFNumber.m */,
				BF5C91441E63068A0039F83F /* CFNumberFormatter.m */,
				BF5C91451E63068A0039F83F /* CFPlugIn.m */,
				BF5C91461E63068A0039F83F /* CFPreferences.m */,
				BF5C91471E63068A0039F83F /* CFPropertyList.m */,
				BF5C91481E63068A0039F83F /* CFRunLoop.m */,
				BF5C91491E63068A0039F83F /* CFSet.m */,
				BF5C914A1E63068A0039F83F /* CFSocket.m */,
				BF5C914B1E63068A0039F83F /* CFStream.m */,
				BF5C914C1E63068A0039F83F /* CFString.m */,
				BF5C914D1E63068A0039F83F /* CFStringTokenizer.m */,
				BF5C914E1E63068A0039F83F /* CFTimeZone.m */,
				BF5C914F1E63068A0039F83F /* CFTree.m */,
				BF5C91501E63068A0039F83F /* CFURL.m */,
				BF5C91511E63068A0039F83F /* CFUserNotification.m */,
				BF5C91521E63068A0039F83F /* CFUUID.m */,
				BF5C91531E63068A0039F83F /* CFXMLNode.m */,
				BF5C91541E63068A0039F83F /* CFXMLParser.m */,
				BF5C91811E6309950039F83F /* CoreFoundation.m */,
			);
			name = Sources;
			sourceTree = "<group>";
		};
		BF5C91571E6306B60039F83F /* Headers */ = {
			isa = PBXGroup;
			children = (
				FEED22530EFB669D004E378B /* CFArray.h */,
				FEED22540EFB669D004E378B /* CFAttributedString.h */,
				FEED22550EFB669D004E378B /* CFBag.h */,
				FEE0F9C60DC962D600598037 /* CFBase.h */,
				FEED22560EFB669D004E378B /* CFBinaryHeap.h */,
				FEED22570EFB669D004E378B /* CFBitVector.h */,
				FEED22580EFB669D004E378B /* CFBundle.h */,
				FEED22590EFB669D004E378B /* CFByteOrder.h */,
				FEED225A0EFB669D004E378B /* CFCalendar.h */,
				FEED225B0EFB669D004E378B /* CFCharacterSet.h */,
				FEED225C0EFB669D004E378B /* CFData.h */,
				FEED225D0EFB669D004E378B /* CFDate.h */,
				FEED225E0EFB669D004E378B /* CFDateFormatter.h */,
				FEED225F0EFB669D004E378B /* CFDictionary.h */,
				FEED22600EFB669D004E378B /* CFError.h */,
				FEED22610EFB669D004E378B /* CFFileDescriptor.h */,
				FEE0F9C70DC962D600598037 /* CFLocale.h */,
				FEED22620EFB669D004E378B /* CFMachPort.h */,
				FEED22630EFB669D004E378B /* CFMessagePort.h */,
				FEED22640EFB669D004E378B /* CFNotificationCenter.h */,
				FEE0F9C90DC962D600598037 /* CFNumber.h */,
				FEE0F9CA0DC962D600598037 /* CFNumberFormatter.h */,
				FEED22650EFB669D004E378B /* CFPlugIn.h */,
				FEED22670EFB669D004E378B /* CFPreferences.h */,
				FEED22680EFB669D004E378B /* CFPropertyList.h */,
				FEED22690EFB669D004E378B /* CFRunLoop.h */,
				FEED226A0EFB669D004E378B /* CFSet.h */,
				FEED226B0EFB669D004E378B /* CFSocket.h */,
				FEED226C0EFB669D004E378B /* CFStream.h */,
				FEE0F9CB0DC962D600598037 /* CFString.h */,
				498E49E11828005C00716340 /* CFStringEncodingExt.h */,
				FEED226D0EFB669D004E378B /* CFStringTokenizer.h */,
				FEED226E0EFB669D004E378B /* CFTimeZone.h */,
				FEED226F0EFB669D004E378B /* CFTree.h */,
				FEED22700EFB669D004E378B /* CFURL.h */,
				FEED22710EFB669D004E378B /* CFUserNotification.h */,
				FEED22720EFB669D004E378B /* CFUUID.h */,
				FEED22730EFB669D004E378B /* CFXMLNode.h */,
				FEED22740EFB669D004E378B /* CFXMLParser.h */,
				FEE0F9F90DC9646300598037 /* CoreFoundation.h */,
			);
			name = Headers;
			sourceTree = "<group>";
		};
		FE1E540D14302FBD000D60A1 /* xcconfig */ = {
			isa = PBXGroup;
			children = (
				BFBE53DE1E46810700ED77AD /* linux-x86_64-framework.xcconfig */,
				FEC0A3B11709358C002A60B7 /* darwin-i386-framework.xcconfig */,
				FEC0A3B21709358C002A60B7 /* darwin-ppc-framework.xcconfig */,
				FEC0A3B31709358C002A60B7 /* darwin-x86_64-framework.xcconfig */,
				FEC0A3B41709358C002A60B7 /* freebsd-i386-framework.xcconfig */,
				FEC0A3B51709358C002A60B7 /* linux-arm-framework.xcconfig */,
				FEC0A3B61709358C002A60B7 /* linux-i386-framework.xcconfig */,
				FEC0A3B71709358C002A60B7 /* linux-ppc-framework.xcconfig */,
				FEC0A3B81709358C002A60B7 /* solaris-sparc-framework.xcconfig */,
				FE7085E51431179200B99A95 /* windows-i386-framework.xcconfig */,
			);
			name = xcconfig;
			path = ../xcconfig;
			sourceTree = SOURCE_ROOT;
		};
		FE6784DC143389C80009A0A0 /* Products */ = {
			isa = PBXGroup;
			children = (
				FE6784E3143389C80009A0A0 /* pthread.1.0.dll */,
			);
			name = Products;
			sourceTree = "<group>";
		};
/* End PBXGroup section */

/* Begin PBXHeadersBuildPhase section */
		8DC2EF500486A6940098B216 /* Headers */ = {
			isa = PBXHeadersBuildPhase;
			buildActionMask = 2147483647;
			files = (
				FEE0F9CD0DC962D600598037 /* CFBase.h in Headers */,
				FEE0F9CE0DC962D600598037 /* CFLocale.h in Headers */,
				FEE0F9D00DC962D600598037 /* CFNumber.h in Headers */,
				FEE0F9D10DC962D600598037 /* CFNumberFormatter.h in Headers */,
				FEE0F9D20DC962D600598037 /* CFString.h in Headers */,
				FEE0F9FA0DC9646300598037 /* CoreFoundation.h in Headers */,
				FEED22750EFB669D004E378B /* CFArray.h in Headers */,
				FEED22760EFB669D004E378B /* CFAttributedString.h in Headers */,
				FEED22770EFB669D004E378B /* CFBag.h in Headers */,
				FEED22780EFB669D004E378B /* CFBinaryHeap.h in Headers */,
				FEED22790EFB669D004E378B /* CFBitVector.h in Headers */,
				FEED227A0EFB669D004E378B /* CFBundle.h in Headers */,
				FEED227B0EFB669D004E378B /* CFByteOrder.h in Headers */,
				FEED227C0EFB669D004E378B /* CFCalendar.h in Headers */,
				FEED227D0EFB669D004E378B /* CFCharacterSet.h in Headers */,
				FEED227E0EFB669D004E378B /* CFData.h in Headers */,
				FEED227F0EFB669D004E378B /* CFDate.h in Headers */,
				FEED22800EFB669D004E378B /* CFDateFormatter.h in Headers */,
				FEED22810EFB669D004E378B /* CFDictionary.h in Headers */,
				FEED22820EFB669D004E378B /* CFError.h in Headers */,
				FEED22830EFB669D004E378B /* CFFileDescriptor.h in Headers */,
				FEED22840EFB669D004E378B /* CFMachPort.h in Headers */,
				FEED22850EFB669D004E378B /* CFMessagePort.h in Headers */,
				FEED22860EFB669D004E378B /* CFNotificationCenter.h in Headers */,
				FEED22870EFB669D004E378B /* CFPlugIn.h in Headers */,
				FEED22890EFB669D004E378B /* CFPreferences.h in Headers */,
				FEED228A0EFB669D004E378B /* CFPropertyList.h in Headers */,
				FEED228B0EFB669D004E378B /* CFRunLoop.h in Headers */,
				FEED228C0EFB669D004E378B /* CFSet.h in Headers */,
				FEED228D0EFB669D004E378B /* CFSocket.h in Headers */,
				FEED228E0EFB669D004E378B /* CFStream.h in Headers */,
				FEED228F0EFB669D004E378B /* CFStringTokenizer.h in Headers */,
				FEED22900EFB669D004E378B /* CFTimeZone.h in Headers */,
				FEED22910EFB669D004E378B /* CFTree.h in Headers */,
				FEED22920EFB669D004E378B /* CFURL.h in Headers */,
				FEED22930EFB669D004E378B /* CFUserNotification.h in Headers */,
				FEED22940EFB669D004E378B /* CFUUID.h in Headers */,
				FEED22950EFB669D004E378B /* CFXMLNode.h in Headers */,
				FEED22960EFB669D004E378B /* CFXMLParser.h in Headers */,
				498E49E21828005C00716340 /* CFStringEncodingExt.h in Headers */,
			);
			runOnlyForDeploymentPostprocessing = 0;
		};
/* End PBXHeadersBuildPhase section */

/* Begin PBXNativeTarget section */
		8DC2EF4F0486A6940098B216 /* CoreFoundation */ = {
			isa = PBXNativeTarget;
			buildConfigurationList = 1DEB91AD08733DA50010E9CD /* Build configuration list for PBXNativeTarget "CoreFoundation" */;
			buildPhases = (
				8DC2EF500486A6940098B216 /* Headers */,
				8DC2EF520486A6940098B216 /* Resources */,
				BF5C91581E6306DB0039F83F /* Sources */,
				BF5C917F1E6307340039F83F /* Frameworks */,
			);
			buildRules = (
			);
			dependencies = (
				FE6784E5143389D10009A0A0 /* PBXTargetDependency */,
			);
			name = CoreFoundation;
			productInstallPath = "$(HOME)/Library/Frameworks";
			productName = CoreFoundation;
			productReference = 8DC2EF5B0486A6940098B216 /* CoreFoundation.framework */;
			productType = "com.apple.product-type.framework";
		};
/* End PBXNativeTarget section */

/* Begin PBXProject section */
		0867D690FE84028FC02AAC07 /* Project object */ = {
			isa = PBXProject;
			attributes = {
				LastUpgradeCheck = 0460;
			};
			buildConfigurationList = 1DEB91B108733DA50010E9CD /* Build configuration list for PBXProject "CoreFoundation" */;
			compatibilityVersion = "Xcode 3.2";
			developmentRegion = English;
			hasScannedForEncodings = 1;
			knownRegions = (
				English,
				Japanese,
				French,
				German,
			);
			mainGroup = 0867D691FE84028FC02AAC07 /* CoreFoundation */;
			productRefGroup = 034768DFFF38A50411DB9C8B /* Products */;
			projectDirPath = "";
			projectReferences = (
				{
					ProductGroup = FE6784DC143389C80009A0A0 /* Products */;
					ProjectRef = FE6784DB143389C80009A0A0 /* pthread.xcodeproj */;
				},
			);
			projectRoot = "";
			targets = (
				8DC2EF4F0486A6940098B216 /* CoreFoundation */,
			);
		};
/* End PBXProject section */

/* Begin PBXReferenceProxy section */
		FE6784E3143389C80009A0A0 /* pthread.1.0.dll */ = {
			isa = PBXReferenceProxy;
			fileType = "compiled.mach-o.dylib";
			path = pthread.1.0.dll;
			remoteRef = FE6784E2143389C80009A0A0 /* PBXContainerItemProxy */;
			sourceTree = BUILT_PRODUCTS_DIR;
		};
/* End PBXReferenceProxy section */

/* Begin PBXResourcesBuildPhase section */
		8DC2EF520486A6940098B216 /* Resources */ = {
			isa = PBXResourcesBuildPhase;
			buildActionMask = 2147483647;
			files = (
				8DC2EF530486A6940098B216 /* InfoPlist.strings in Resources */,
			);
			runOnlyForDeploymentPostprocessing = 0;
		};
/* End PBXResourcesBuildPhase section */

/* Begin PBXSourcesBuildPhase section */
		BF5C91581E6306DB0039F83F /* Sources */ = {
			isa = PBXSourcesBuildPhase;
			buildActionMask = 2147483647;
			files = (
				BF5C91831E6309C60039F83F /* CoreFoundation.m in Sources */,
			);
			runOnlyForDeploymentPostprocessing = 0;
		};
/* End PBXSourcesBuildPhase section */

/* Begin PBXTargetDependency section */
		FE6784E5143389D10009A0A0 /* PBXTargetDependency */ = {
			isa = PBXTargetDependency;
			name = pthread;
			targetProxy = FE6784E4143389D10009A0A0 /* PBXContainerItemProxy */;
		};
/* End PBXTargetDependency section */

/* Begin PBXVariantGroup section */
		089C1666FE841158C02AAC07 /* InfoPlist.strings */ = {
			isa = PBXVariantGroup;
			children = (
				089C1667FE841158C02AAC07 /* English */,
			);
			name = InfoPlist.strings;
			sourceTree = "<group>";
		};
/* End PBXVariantGroup section */

/* Begin XCBuildConfiguration section */
		BF5C91101E6195720039F83F /* Debug */ = {
			isa = XCBuildConfiguration;
			baseConfigurationReference = BF5C91801E63077A0039F83F /* CoreFoundation.xcconfig */;
			buildSettings = {
				SUPPORTED_PLATFORMS = "guestos.linux.x86_64 macosx";
			};
			name = Debug;
		};
		BF5C91111E6195720039F83F /* Debug */ = {
			isa = XCBuildConfiguration;
			buildSettings = {
				INFOPLIST_FILE = Info.plist;
				PRODUCT_NAME = CoreFoundation;
			};
			name = Debug;
		};
		BF5C91121E6195810039F83F /* Release */ = {
			isa = XCBuildConfiguration;
			baseConfigurationReference = BF5C91801E63077A0039F83F /* CoreFoundation.xcconfig */;
			buildSettings = {
				SUPPORTED_PLATFORMS = "guestos.linux.x86_64 macosx";
			};
			name = Release;
		};
		BF5C91131E6195810039F83F /* Release */ = {
			isa = XCBuildConfiguration;
			buildSettings = {
				INFOPLIST_FILE = Info.plist;
				PRODUCT_NAME = CoreFoundation;
			};
			name = Release;
		};
/* End XCBuildConfiguration section */

/* Begin XCConfigurationList section */
		1DEB91AD08733DA50010E9CD /* Build configuration list for PBXNativeTarget "CoreFoundation" */ = {
			isa = XCConfigurationList;
			buildConfigurations = (
				BF5C91111E6195720039F83F /* Debug */,
				BF5C91131E6195810039F83F /* Release */,
			);
			defaultConfigurationIsVisible = 0;
			defaultConfigurationName = Release;
		};
		1DEB91B108733DA50010E9CD /* Build configuration list for PBXProject "CoreFoundation" */ = {
			isa = XCConfigurationList;
			buildConfigurations = (
				BF5C91101E6195720039F83F /* Debug */,
				BF5C91121E6195810039F83F /* Release */,
			);
			defaultConfigurationIsVisible = 0;
			defaultConfigurationName = Release;
		};
/* End XCConfigurationList section */
	};
	rootObject = 0867D690FE84028FC02AAC07 /* Project object */;
}
