// !$*UTF8*$!
{
	archiveVersion = 1;
	classes = {
	};
	objectVersion = 46;
	objects = {

/* Begin PBXBuildFile section */
		BF45ECC31E6346D60026C66C /* CoreFoundation.framework in Frameworks */ = {isa = PBXBuildFile; fileRef = BF45ECC01E6346D60026C66C /* CoreFoundation.framework */; };
		BF45ECC41E6346D60026C66C /* CoreGraphics.framework in Frameworks */ = {isa = PBXBuildFile; fileRef = BF45ECC11E6346D60026C66C /* CoreGraphics.framework */; };
		BF45ECC51E6346D60026C66C /* CoreServices.framework in Frameworks */ = {isa = PBXBuildFile; fileRef = BF45ECC21E6346D60026C66C /* CoreServices.framework */; };
		BF45ECDA1E63486F0026C66C /* CoreText.m in Sources */ = {isa = PBXBuildFile; fileRef = BF45ECD91E63486F0026C66C /* CoreText.m */; };
		BFF7187F1E645C9C00DAF453 /* Foundation.framework in Frameworks */ = {isa = PBXBuildFile; fileRef = BFF7187E1E645C9C00DAF453 /* Foundation.framework */; };
		FECF92110FFB217F007AECF1 /* CoreText.h in Headers */ = {isa = PBXBuildFile; fileRef = FECF920B0FFB217F007AECF1 /* CoreText.h */; settings = {ATTRIBUTES = (Public, ); }; };
		FECF92120FFB217F007AECF1 /* CoreTextExport.h in Headers */ = {isa = PBXBuildFile; fileRef = FECF920C0FFB217F007AECF1 /* CoreTextExport.h */; settings = {ATTRIBUTES = (Public, ); }; };
		FECF92130FFB217F007AECF1 /* CTFont.h in Headers */ = {isa = PBXBuildFile; fileRef = FECF920D0FFB217F007AECF1 /* CTFont.h */; settings = {ATTRIBUTES = (Public, ); }; };
		FECF92150FFB217F007AECF1 /* KTFont.h in Headers */ = {isa = PBXBuildFile; fileRef = FECF920F0FFB217F007AECF1 /* KTFont.h */; settings = {ATTRIBUTES = (Private, ); }; };
/* End PBXBuildFile section */

/* Begin PBXFileReference section */
		0867D69BFE84028FC02AAC07 /* Foundation.framework */ = {isa = PBXFileReference; lastKnownFileType = wrapper.framework; name = Foundation.framework; path = /System/Library/Frameworks/Foundation.framework; sourceTree = "<absolute>"; };
		8DC2EF5A0486A6940098B216 /* Info.plist */ = {isa = PBXFileReference; fileEncoding = 4; lastKnownFileType = text.plist.xml; path = Info.plist; sourceTree = "<group>"; };
		8DC2EF5B0486A6940098B216 /* CoreText.framework */ = {isa = PBXFileReference; explicitFileType = wrapper.framework; includeInIndex = 0; path = CoreText.framework; sourceTree = BUILT_PRODUCTS_DIR; };
		BF45ECC01E6346D60026C66C /* CoreFoundation.framework */ = {isa = PBXFileReference; lastKnownFileType = wrapper.framework; name = CoreFoundation.framework; path = "../DerivedData/guestOS/Build/Products/Release-linux.x86_64/CoreFoundation.framework"; sourceTree = "<group>"; };
		BF45ECC11E6346D60026C66C /* CoreGraphics.framework */ = {isa = PBXFileReference; lastKnownFileType = wrapper.framework; name = CoreGraphics.framework; path = "../CoreGraphics/build/sym/Windows-i386-i386-mingw32msvc/undefined_arch/CoreGraphics.framework"; sourceTree = "<group>"; };
		BF45ECC21E6346D60026C66C /* CoreServices.framework */ = {isa = PBXFileReference; lastKnownFileType = wrapper.framework; name = CoreServices.framework; path = "../DerivedData/guestOS/Build/Products/Release-linux.x86_64/CoreServices.framework"; sourceTree = "<group>"; };
		BF45ECD91E63486F0026C66C /* CoreText.m */ = {isa = PBXFileReference; fileEncoding = 4; lastKnownFileType = sourcecode.c.objc; path = CoreText.m; sourceTree = "<group>"; };
		BF45ECDB1E63492B0026C66C /* CoreText.xcconfig */ = {isa = PBXFileReference; lastKnownFileType = text.xcconfig; path = CoreText.xcconfig; sourceTree = "<group>"; };
		BFF7187E1E645C9C00DAF453 /* Foundation.framework */ = {isa = PBXFileReference; lastKnownFileType = wrapper.framework; name = Foundation.framework; path = "../DerivedData/guestOS/Build/Products/Debug-linux.x86_64/Foundation.framework"; sourceTree = "<group>"; };
		FECF920B0FFB217F007AECF1 /* CoreText.h */ = {isa = PBXFileReference; fileEncoding = 4; lastKnownFileType = sourcecode.c.h; path = CoreText.h; sourceTree = "<group>"; };
		FECF920C0FFB217F007AECF1 /* CoreTextExport.h */ = {isa = PBXFileReference; fileEncoding = 4; lastKnownFileType = sourcecode.c.h; path = CoreTextExport.h; sourceTree = "<group>"; };
		FECF920D0FFB217F007AECF1 /* CTFont.h */ = {isa = PBXFileReference; fileEncoding = 4; lastKnownFileType = sourcecode.c.h; path = CTFont.h; sourceTree = "<group>"; };
		FECF920E0FFB217F007AECF1 /* CTFont.m */ = {isa = PBXFileReference; fileEncoding = 4; lastKnownFileType = sourcecode.c.objc; path = CTFont.m; sourceTree = "<group>"; };
		FECF920F0FFB217F007AECF1 /* KTFont.h */ = {isa = PBXFileReference; fileEncoding = 4; lastKnownFileType = sourcecode.c.h; path = KTFont.h; sourceTree = "<group>"; };
		FECF92100FFB217F007AECF1 /* KTFont.m */ = {isa = PBXFileReference; fileEncoding = 4; lastKnownFileType = sourcecode.c.objc; path = KTFont.m; sourceTree = "<group>"; };
		FECF928B0FFB2C5C007AECF1 /* CoreGraphics.framework */ = {isa = PBXFileReference; lastKnownFileType = wrapper.framework; name = CoreGraphics.framework; path = Cocotron/1.0/Windows/i386/Frameworks/CoreGraphics.framework; sourceTree = DEVELOPER_DIR; };
/* End PBXFileReference section */

/* Begin PBXFrameworksBuildPhase section */
		BF45ECBE1E6346C30026C66C /* Frameworks */ = {
			isa = PBXFrameworksBuildPhase;
			buildActionMask = 2147483647;
			files = (
				BF45ECC41E6346D60026C66C /* CoreGraphics.framework in Frameworks */,
				BF45ECC51E6346D60026C66C /* CoreServices.framework in Frameworks */,
				BF45ECC31E6346D60026C66C /* CoreFoundation.framework in Frameworks */,
				BFF7187F1E645C9C00DAF453 /* Foundation.framework in Frameworks */,
			);
			runOnlyForDeploymentPostprocessing = 0;
		};
/* End PBXFrameworksBuildPhase section */

/* Begin PBXGroup section */
		034768DFFF38A50411DB9C8B /* Products */ = {
			isa = PBXGroup;
			children = (
				8DC2EF5B0486A6940098B216 /* CoreText.framework */,
			);
			name = Products;
			sourceTree = "<group>";
		};
		0867D691FE84028FC02AAC07 /* CoreText */ = {
			isa = PBXGroup;
			children = (
				BF45ECDB1E63492B0026C66C /* CoreText.xcconfig */,
				08FB77AEFE84172EC02AAC07 /* Classes */,
				32C88DFF0371C24200C91783 /* Other Sources */,
				089C1665FE841158C02AAC07 /* Resources */,
				0867D69AFE84028FC02AAC07 /* External Frameworks and Libraries */,
				034768DFFF38A50411DB9C8B /* Products */,
				BF45ECBF1E6346D50026C66C /* Frameworks */,
			);
			indentWidth = 4;
			name = CoreText;
			sourceTree = "<group>";
			tabWidth = 4;
			usesTabs = 0;
		};
		0867D69AFE84028FC02AAC07 /* External Frameworks and Libraries */ = {
			isa = PBXGroup;
			children = (
				FECF928B0FFB2C5C007AECF1 /* CoreGraphics.framework */,
				1058C7B0FEA5585E11CA2CBB /* Linked Frameworks */,
				1058C7B2FEA5585E11CA2CBB /* Other Frameworks */,
			);
			name = "External Frameworks and Libraries";
			sourceTree = "<group>";
		};
		089C1665FE841158C02AAC07 /* Resources */ = {
			isa = PBXGroup;
			children = (
				8DC2EF5A0486A6940098B216 /* Info.plist */,
			);
			name = Resources;
			sourceTree = "<group>";
		};
		08FB77AEFE84172EC02AAC07 /* Classes */ = {
			isa = PBXGroup;
			children = (
				FECF920B0FFB217F007AECF1 /* CoreText.h */,
				FECF920C0FFB217F007AECF1 /* CoreTextExport.h */,
				FECF920D0FFB217F007AECF1 /* CTFont.h */,
				FECF920E0FFB217F007AECF1 /* CTFont.m */,
				FECF920F0FFB217F007AECF1 /* KTFont.h */,
				FECF92100FFB217F007AECF1 /* KTFont.m */,
				BF45ECD91E63486F0026C66C /* CoreText.m */,
			);
			name = Classes;
			sourceTree = "<group>";
		};
		1058C7B0FEA5585E11CA2CBB /* Linked Frameworks */ = {
			isa = PBXGroup;
			children = (
			);
			name = "Linked Frameworks";
			sourceTree = "<group>";
		};
		1058C7B2FEA5585E11CA2CBB /* Other Frameworks */ = {
			isa = PBXGroup;
			children = (
				0867D69BFE84028FC02AAC07 /* Foundation.framework */,
			);
			name = "Other Frameworks";
			sourceTree = "<group>";
		};
		32C88DFF0371C24200C91783 /* Other Sources */ = {
			isa = PBXGroup;
			children = (
			);
			name = "Other Sources";
			sourceTree = "<group>";
		};
		BF45ECBF1E6346D50026C66C /* Frameworks */ = {
			isa = PBXGroup;
			children = (
				BFF7187E1E645C9C00DAF453 /* Foundation.framework */,
				BF45ECC01E6346D60026C66C /* CoreFoundation.framework */,
				BF45ECC11E6346D60026C66C /* CoreGraphics.framework */,
				BF45ECC21E6346D60026C66C /* CoreServices.framework */,
			);
			name = Frameworks;
			sourceTree = "<group>";
		};
/* End PBXGroup section */

/* Begin PBXHeadersBuildPhase section */
		8DC2EF500486A6940098B216 /* Headers */ = {
			isa = PBXHeadersBuildPhase;
			buildActionMask = 2147483647;
			files = (
				FECF92110FFB217F007AECF1 /* CoreText.h in Headers */,
				FECF92120FFB217F007AECF1 /* CoreTextExport.h in Headers */,
				FECF92130FFB217F007AECF1 /* CTFont.h in Headers */,
				FECF92150FFB217F007AECF1 /* KTFont.h in Headers */,
			);
			runOnlyForDeploymentPostprocessing = 0;
		};
/* End PBXHeadersBuildPhase section */

/* Begin PBXNativeTarget section */
		8DC2EF4F0486A6940098B216 /* CoreText */ = {
			isa = PBXNativeTarget;
			buildConfigurationList = 1DEB91AD08733DA50010E9CD /* Build configuration list for PBXNativeTarget "CoreText" */;
			buildPhases = (
				8DC2EF500486A6940098B216 /* Headers */,
				8DC2EF520486A6940098B216 /* Resources */,
				BF45ECD81E6348540026C66C /* Sources */,
				BF45ECBE1E6346C30026C66C /* Frameworks */,
			);
			buildRules = (
			);
			dependencies = (
			);
			name = CoreText;
			productInstallPath = "$(HOME)/Library/Frameworks";
			productName = CoreText;
			productReference = 8DC2EF5B0486A6940098B216 /* CoreText.framework */;
			productType = "com.apple.product-type.framework";
		};
/* End PBXNativeTarget section */

/* Begin PBXProject section */
		0867D690FE84028FC02AAC07 /* Project object */ = {
			isa = PBXProject;
			attributes = {
				LastUpgradeCheck = 0460;
			};
			buildConfigurationList = 1DEB91B108733DA50010E9CD /* Build configuration list for PBXProject "CoreText" */;
			compatibilityVersion = "Xcode 3.2";
			developmentRegion = English;
			hasScannedForEncodings = 1;
			knownRegions = (
				English,
				Japanese,
				French,
				German,
			);
			mainGroup = 0867D691FE84028FC02AAC07 /* CoreText */;
			productRefGroup = 034768DFFF38A50411DB9C8B /* Products */;
			projectDirPath = "";
			projectRoot = "";
			targets = (
				8DC2EF4F0486A6940098B216 /* CoreText */,
			);
		};
/* End PBXProject section */

/* Begin PBXResourcesBuildPhase section */
		8DC2EF520486A6940098B216 /* Resources */ = {
			isa = PBXResourcesBuildPhase;
			buildActionMask = 2147483647;
			files = (
			);
			runOnlyForDeploymentPostprocessing = 0;
		};
/* End PBXResourcesBuildPhase section */

/* Begin PBXSourcesBuildPhase section */
		BF45ECD81E6348540026C66C /* Sources */ = {
			isa = PBXSourcesBuildPhase;
			buildActionMask = 2147483647;
			files = (
				BF45ECDA1E63486F0026C66C /* CoreText.m in Sources */,
			);
			runOnlyForDeploymentPostprocessing = 0;
		};
/* End PBXSourcesBuildPhase section */

/* Begin XCBuildConfiguration section */
		BF45ECD41E63482C0026C66C /* Debug */ = {
			isa = XCBuildConfiguration;
			baseConfigurationReference = BF45ECDB1E63492B0026C66C /* CoreText.xcconfig */;
			buildSettings = {
				SUPPORTED_PLATFORMS = "guestos.linux.x86_64 macosx";
			};
			name = Debug;
		};
		BF45ECD51E63482C0026C66C /* Debug */ = {
			isa = XCBuildConfiguration;
			buildSettings = {
				INFOPLIST_FILE = Info.plist;
				PRODUCT_NAME = CoreText;
			};
			name = Debug;
		};
		BF45ECD61E6348360026C66C /* Release */ = {
			isa = XCBuildConfiguration;
			baseConfigurationReference = BF45ECDB1E63492B0026C66C /* CoreText.xcconfig */;
			buildSettings = {
				SUPPORTED_PLATFORMS = "guestos.linux.x86_64 macosx";
			};
			name = Release;
		};
		BF45ECD71E6348360026C66C /* Release */ = {
			isa = XCBuildConfiguration;
			buildSettings = {
				INFOPLIST_FILE = Info.plist;
				PRODUCT_NAME = CoreText;
			};
			name = Release;
		};
/* End XCBuildConfiguration section */

/* Begin XCConfigurationList section */
		1DEB91AD08733DA50010E9CD /* Build configuration list for PBXNativeTarget "CoreText" */ = {
			isa = XCConfigurationList;
			buildConfigurations = (
				BF45ECD51E63482C0026C66C /* Debug */,
				BF45ECD71E6348360026C66C /* Release */,
			);
			defaultConfigurationIsVisible = 0;
			defaultConfigurationName = Release;
		};
		1DEB91B108733DA50010E9CD /* Build configuration list for PBXProject "CoreText" */ = {
			isa = XCConfigurationList;
			buildConfigurations = (
				BF45ECD41E63482C0026C66C /* Debug */,
				BF45ECD61E6348360026C66C /* Release */,
			);
			defaultConfigurationIsVisible = 0;
			defaultConfigurationName = Release;
		};
/* End XCConfigurationList section */
	};
	rootObject = 0867D690FE84028FC02AAC07 /* Project object */;
}
